// !$*UTF8*$!
{
	archiveVersion = 1;
	classes = {
	};
	objectVersion = 56;
	objects = {

/* Begin PBXBuildFile section */
		2500870A2B21FFC00014AF27 /* InformationLink.swift in Sources */ = {isa = PBXBuildFile; fileRef = 250087092B21FFC00014AF27 /* InformationLink.swift */; };
		2505E6982B0F843E00876783 /* WidgetKit.framework in Frameworks */ = {isa = PBXBuildFile; fileRef = 2505E6972B0F843E00876783 /* WidgetKit.framework */; };
		2505E69A2B0F843E00876783 /* SwiftUI.framework in Frameworks */ = {isa = PBXBuildFile; fileRef = 2505E6992B0F843E00876783 /* SwiftUI.framework */; };
		2505E69D2B0F843E00876783 /* TimerWidgetBundle.swift in Sources */ = {isa = PBXBuildFile; fileRef = 2505E69C2B0F843E00876783 /* TimerWidgetBundle.swift */; };
		2505E69F2B0F843E00876783 /* TimerWidget.swift in Sources */ = {isa = PBXBuildFile; fileRef = 2505E69E2B0F843E00876783 /* TimerWidget.swift */; };
		2505E6A12B0F844000876783 /* Assets.xcassets in Resources */ = {isa = PBXBuildFile; fileRef = 2505E6A02B0F844000876783 /* Assets.xcassets */; };
		2505E6A52B0F844000876783 /* TimerWidgetExtension.appex in Embed Foundation Extensions */ = {isa = PBXBuildFile; fileRef = 2505E6952B0F843E00876783 /* TimerWidgetExtension.appex */; settings = {ATTRIBUTES = (RemoveHeadersOnCopy, ); }; };
		2505E6B32B10842700876783 /* NextUpdateDate.swift in Sources */ = {isa = PBXBuildFile; fileRef = 2505E6B22B10842700876783 /* NextUpdateDate.swift */; };
		25125EFC2B14914400CA10EE /* Config.xcconfig in Resources */ = {isa = PBXBuildFile; fileRef = 25125EFB2B14914400CA10EE /* Config.xcconfig */; };
		25125EFD2B14914400CA10EE /* Config.xcconfig in Resources */ = {isa = PBXBuildFile; fileRef = 25125EFB2B14914400CA10EE /* Config.xcconfig */; };
		2521762B2B08BEB00023C9B3 /* SessionWeather.swift in Sources */ = {isa = PBXBuildFile; fileRef = 2521762A2B08BEB00023C9B3 /* SessionWeather.swift */; };
		2539F2EE2B0811930041FF65 /* SessionPicker.swift in Sources */ = {isa = PBXBuildFile; fileRef = 2539F2ED2B0811930041FF65 /* SessionPicker.swift */; };
		257959D62B04FB000033DFAB /* f1_countdown_iosApp.swift in Sources */ = {isa = PBXBuildFile; fileRef = 257959D52B04FB000033DFAB /* f1_countdown_iosApp.swift */; };
		257959D82B04FB000033DFAB /* ContentView.swift in Sources */ = {isa = PBXBuildFile; fileRef = 257959D72B04FB000033DFAB /* ContentView.swift */; };
		257959DA2B04FB010033DFAB /* Assets.xcassets in Resources */ = {isa = PBXBuildFile; fileRef = 257959D92B04FB010033DFAB /* Assets.xcassets */; };
		257959DD2B04FB010033DFAB /* Preview Assets.xcassets in Resources */ = {isa = PBXBuildFile; fileRef = 257959DC2B04FB010033DFAB /* Preview Assets.xcassets */; };
		25B404192B10B3D7007EF384 /* Medium.swift in Sources */ = {isa = PBXBuildFile; fileRef = 25B404182B10B3D7007EF384 /* Medium.swift */; };
		25B4041B2B10B660007EF384 /* Large.swift in Sources */ = {isa = PBXBuildFile; fileRef = 25B4041A2B10B660007EF384 /* Large.swift */; };
		25BE0E482B2349E20089B5BA /* DeltaValues.swift in Sources */ = {isa = PBXBuildFile; fileRef = 25BE0E472B2349E20089B5BA /* DeltaValues.swift */; };
		25BFB0322B0F68D90062E4BC /* AppInformation.swift in Sources */ = {isa = PBXBuildFile; fileRef = 25BFB0312B0F68D90062E4BC /* AppInformation.swift */; };
		25C6C53B2B17791E00818265 /* API.swift in Sources */ = {isa = PBXBuildFile; fileRef = 25C6C53A2B17791E00818265 /* API.swift */; };
		25C6C53C2B17791E00818265 /* API.swift in Sources */ = {isa = PBXBuildFile; fileRef = 25C6C53A2B17791E00818265 /* API.swift */; };
		25C6C53F2B17794600818265 /* APIConfig.swift in Sources */ = {isa = PBXBuildFile; fileRef = 25C6C53E2B17794600818265 /* APIConfig.swift */; };
		25C6C5402B17794600818265 /* APIConfig.swift in Sources */ = {isa = PBXBuildFile; fileRef = 25C6C53E2B17794600818265 /* APIConfig.swift */; };
		25C6C5422B17795B00818265 /* APIData.swift in Sources */ = {isa = PBXBuildFile; fileRef = 25C6C5412B17795B00818265 /* APIData.swift */; };
		25C6C5432B17795B00818265 /* APIData.swift in Sources */ = {isa = PBXBuildFile; fileRef = 25C6C5412B17795B00818265 /* APIData.swift */; };
		25C6C5452B17799500818265 /* RaceTitle.swift in Sources */ = {isa = PBXBuildFile; fileRef = 25C6C5442B17799500818265 /* RaceTitle.swift */; };
		25C6C5462B17799500818265 /* RaceTitle.swift in Sources */ = {isa = PBXBuildFile; fileRef = 25C6C5442B17799500818265 /* RaceTitle.swift */; };
		25C6C5492B1779BA00818265 /* CreateNotification.swift in Sources */ = {isa = PBXBuildFile; fileRef = 25C6C5482B1779BA00818265 /* CreateNotification.swift */; };
		25C6C54A2B1779BA00818265 /* CreateNotification.swift in Sources */ = {isa = PBXBuildFile; fileRef = 25C6C5482B1779BA00818265 /* CreateNotification.swift */; };
		25C6C54C2B1779CE00818265 /* DeleteNotification.swift in Sources */ = {isa = PBXBuildFile; fileRef = 25C6C54B2B1779CE00818265 /* DeleteNotification.swift */; };
		25C6C54D2B1779CE00818265 /* DeleteNotification.swift in Sources */ = {isa = PBXBuildFile; fileRef = 25C6C54B2B1779CE00818265 /* DeleteNotification.swift */; };
		25C6C54F2B1779E400818265 /* CountryFlag.swift in Sources */ = {isa = PBXBuildFile; fileRef = 25C6C54E2B1779E400818265 /* CountryFlag.swift */; };
		25C6C5502B1779E400818265 /* CountryFlag.swift in Sources */ = {isa = PBXBuildFile; fileRef = 25C6C54E2B1779E400818265 /* CountryFlag.swift */; };
		25C6C5522B1779FC00818265 /* DateFormatters.swift in Sources */ = {isa = PBXBuildFile; fileRef = 25C6C5512B1779FC00818265 /* DateFormatters.swift */; };
		25C6C5532B1779FC00818265 /* DateFormatters.swift in Sources */ = {isa = PBXBuildFile; fileRef = 25C6C5512B1779FC00818265 /* DateFormatters.swift */; };
		25C6C5552B177A0F00818265 /* SessionName.swift in Sources */ = {isa = PBXBuildFile; fileRef = 25C6C5542B177A0F00818265 /* SessionName.swift */; };
		25C6C5562B177A0F00818265 /* SessionName.swift in Sources */ = {isa = PBXBuildFile; fileRef = 25C6C5542B177A0F00818265 /* SessionName.swift */; };
		25C6C5592B177DB400818265 /* SessionInfo.swift in Sources */ = {isa = PBXBuildFile; fileRef = 25C6C5582B177DB400818265 /* SessionInfo.swift */; };
		25CC38552B1480BA009209BE /* RaceSheet.swift in Sources */ = {isa = PBXBuildFile; fileRef = 25CC38542B1480BA009209BE /* RaceSheet.swift */; };
		25DE90792B09168A00632B61 /* NotificationButton.swift in Sources */ = {isa = PBXBuildFile; fileRef = 25DE90782B09168A00632B61 /* NotificationButton.swift */; };
		25E301902B0A11C5008CC1BE /* SessionDetails.swift in Sources */ = {isa = PBXBuildFile; fileRef = 25E3018F2B0A11C5008CC1BE /* SessionDetails.swift */; };
		25E301932B0A2A1A008CC1BE /* DisabledButton.swift in Sources */ = {isa = PBXBuildFile; fileRef = 25E301922B0A2A1A008CC1BE /* DisabledButton.swift */; };
		25E301952B0A2A38008CC1BE /* CreateButton.swift in Sources */ = {isa = PBXBuildFile; fileRef = 25E301942B0A2A38008CC1BE /* CreateButton.swift */; };
		25E301972B0A2A40008CC1BE /* DeleteButton.swift in Sources */ = {isa = PBXBuildFile; fileRef = 25E301962B0A2A40008CC1BE /* DeleteButton.swift */; };
		25EDC7932B054D2A0094DBBA /* SessionTimer.swift in Sources */ = {isa = PBXBuildFile; fileRef = 25EDC7922B054D2A0094DBBA /* SessionTimer.swift */; };
		25EDC7952B054D320094DBBA /* TimerElement.swift in Sources */ = {isa = PBXBuildFile; fileRef = 25EDC7942B054D320094DBBA /* TimerElement.swift */; };
/* End PBXBuildFile section */

/* Begin PBXContainerItemProxy section */
		2505E6A32B0F844000876783 /* PBXContainerItemProxy */ = {
			isa = PBXContainerItemProxy;
			containerPortal = 257959CA2B04FB000033DFAB /* Project object */;
			proxyType = 1;
			remoteGlobalIDString = 2505E6942B0F843E00876783;
			remoteInfo = TimerWidgetExtension;
		};
/* End PBXContainerItemProxy section */

/* Begin PBXCopyFilesBuildPhase section */
		2505E6A62B0F844000876783 /* Embed Foundation Extensions */ = {
			isa = PBXCopyFilesBuildPhase;
			buildActionMask = 2147483647;
			dstPath = "";
			dstSubfolderSpec = 13;
			files = (
				2505E6A52B0F844000876783 /* TimerWidgetExtension.appex in Embed Foundation Extensions */,
			);
			name = "Embed Foundation Extensions";
			runOnlyForDeploymentPostprocessing = 0;
		};
/* End PBXCopyFilesBuildPhase section */

/* Begin PBXFileReference section */
		250087092B21FFC00014AF27 /* InformationLink.swift */ = {isa = PBXFileReference; lastKnownFileType = sourcecode.swift; path = InformationLink.swift; sourceTree = "<group>"; };
		2505E6952B0F843E00876783 /* TimerWidgetExtension.appex */ = {isa = PBXFileReference; explicitFileType = "wrapper.app-extension"; includeInIndex = 0; path = TimerWidgetExtension.appex; sourceTree = BUILT_PRODUCTS_DIR; };
		2505E6972B0F843E00876783 /* WidgetKit.framework */ = {isa = PBXFileReference; lastKnownFileType = wrapper.framework; name = WidgetKit.framework; path = System/Library/Frameworks/WidgetKit.framework; sourceTree = SDKROOT; };
		2505E6992B0F843E00876783 /* SwiftUI.framework */ = {isa = PBXFileReference; lastKnownFileType = wrapper.framework; name = SwiftUI.framework; path = System/Library/Frameworks/SwiftUI.framework; sourceTree = SDKROOT; };
		2505E69C2B0F843E00876783 /* TimerWidgetBundle.swift */ = {isa = PBXFileReference; lastKnownFileType = sourcecode.swift; path = TimerWidgetBundle.swift; sourceTree = "<group>"; };
		2505E69E2B0F843E00876783 /* TimerWidget.swift */ = {isa = PBXFileReference; lastKnownFileType = sourcecode.swift; path = TimerWidget.swift; sourceTree = "<group>"; };
		2505E6A02B0F844000876783 /* Assets.xcassets */ = {isa = PBXFileReference; lastKnownFileType = folder.assetcatalog; path = Assets.xcassets; sourceTree = "<group>"; };
		2505E6A22B0F844000876783 /* Info.plist */ = {isa = PBXFileReference; lastKnownFileType = text.plist.xml; path = Info.plist; sourceTree = "<group>"; };
		2505E6B22B10842700876783 /* NextUpdateDate.swift */ = {isa = PBXFileReference; lastKnownFileType = sourcecode.swift; path = NextUpdateDate.swift; sourceTree = "<group>"; };
		25104C5C2B0A51E3001FDF49 /* Info.plist */ = {isa = PBXFileReference; lastKnownFileType = text.plist; path = Info.plist; sourceTree = "<group>"; };
		25125EFB2B14914400CA10EE /* Config.xcconfig */ = {isa = PBXFileReference; lastKnownFileType = text.xcconfig; path = Config.xcconfig; sourceTree = "<group>"; };
		2521762A2B08BEB00023C9B3 /* SessionWeather.swift */ = {isa = PBXFileReference; lastKnownFileType = sourcecode.swift; path = SessionWeather.swift; sourceTree = "<group>"; };
		2521762C2B08C4270023C9B3 /* f1-countdown-ios.entitlements */ = {isa = PBXFileReference; lastKnownFileType = text.plist.entitlements; path = "f1-countdown-ios.entitlements"; sourceTree = "<group>"; };
		2539F2ED2B0811930041FF65 /* SessionPicker.swift */ = {isa = PBXFileReference; lastKnownFileType = sourcecode.swift; path = SessionPicker.swift; sourceTree = "<group>"; };
		257959D22B04FB000033DFAB /* f1-countdown-ios.app */ = {isa = PBXFileReference; explicitFileType = wrapper.application; includeInIndex = 0; path = "f1-countdown-ios.app"; sourceTree = BUILT_PRODUCTS_DIR; };
		257959D52B04FB000033DFAB /* f1_countdown_iosApp.swift */ = {isa = PBXFileReference; lastKnownFileType = sourcecode.swift; path = f1_countdown_iosApp.swift; sourceTree = "<group>"; };
		257959D72B04FB000033DFAB /* ContentView.swift */ = {isa = PBXFileReference; lastKnownFileType = sourcecode.swift; path = ContentView.swift; sourceTree = "<group>"; };
		257959D92B04FB010033DFAB /* Assets.xcassets */ = {isa = PBXFileReference; lastKnownFileType = folder.assetcatalog; path = Assets.xcassets; sourceTree = "<group>"; };
		257959DC2B04FB010033DFAB /* Preview Assets.xcassets */ = {isa = PBXFileReference; lastKnownFileType = folder.assetcatalog; path = "Preview Assets.xcassets"; sourceTree = "<group>"; };
		25B404182B10B3D7007EF384 /* Medium.swift */ = {isa = PBXFileReference; lastKnownFileType = sourcecode.swift; path = Medium.swift; sourceTree = "<group>"; };
		25B4041A2B10B660007EF384 /* Large.swift */ = {isa = PBXFileReference; lastKnownFileType = sourcecode.swift; path = Large.swift; sourceTree = "<group>"; };
		25BE0E472B2349E20089B5BA /* DeltaValues.swift */ = {isa = PBXFileReference; lastKnownFileType = sourcecode.swift; path = DeltaValues.swift; sourceTree = "<group>"; };
		25BFB0312B0F68D90062E4BC /* AppInformation.swift */ = {isa = PBXFileReference; lastKnownFileType = sourcecode.swift; path = AppInformation.swift; sourceTree = "<group>"; };
		25C6C53A2B17791E00818265 /* API.swift */ = {isa = PBXFileReference; lastKnownFileType = sourcecode.swift; path = API.swift; sourceTree = "<group>"; };
		25C6C53E2B17794600818265 /* APIConfig.swift */ = {isa = PBXFileReference; lastKnownFileType = sourcecode.swift; path = APIConfig.swift; sourceTree = "<group>"; };
		25C6C5412B17795B00818265 /* APIData.swift */ = {isa = PBXFileReference; lastKnownFileType = sourcecode.swift; path = APIData.swift; sourceTree = "<group>"; };
		25C6C5442B17799500818265 /* RaceTitle.swift */ = {isa = PBXFileReference; lastKnownFileType = sourcecode.swift; path = RaceTitle.swift; sourceTree = "<group>"; };
		25C6C5482B1779BA00818265 /* CreateNotification.swift */ = {isa = PBXFileReference; lastKnownFileType = sourcecode.swift; path = CreateNotification.swift; sourceTree = "<group>"; };
		25C6C54B2B1779CE00818265 /* DeleteNotification.swift */ = {isa = PBXFileReference; lastKnownFileType = sourcecode.swift; path = DeleteNotification.swift; sourceTree = "<group>"; };
		25C6C54E2B1779E400818265 /* CountryFlag.swift */ = {isa = PBXFileReference; lastKnownFileType = sourcecode.swift; path = CountryFlag.swift; sourceTree = "<group>"; };
		25C6C5512B1779FC00818265 /* DateFormatters.swift */ = {isa = PBXFileReference; lastKnownFileType = sourcecode.swift; path = DateFormatters.swift; sourceTree = "<group>"; };
		25C6C5542B177A0F00818265 /* SessionName.swift */ = {isa = PBXFileReference; lastKnownFileType = sourcecode.swift; path = SessionName.swift; sourceTree = "<group>"; };
		25C6C5582B177DB400818265 /* SessionInfo.swift */ = {isa = PBXFileReference; lastKnownFileType = sourcecode.swift; path = SessionInfo.swift; sourceTree = "<group>"; };
		25CC38542B1480BA009209BE /* RaceSheet.swift */ = {isa = PBXFileReference; lastKnownFileType = sourcecode.swift; path = RaceSheet.swift; sourceTree = "<group>"; };
		25DE90782B09168A00632B61 /* NotificationButton.swift */ = {isa = PBXFileReference; lastKnownFileType = sourcecode.swift; path = NotificationButton.swift; sourceTree = "<group>"; };
		25E3018F2B0A11C5008CC1BE /* SessionDetails.swift */ = {isa = PBXFileReference; lastKnownFileType = sourcecode.swift; path = SessionDetails.swift; sourceTree = "<group>"; };
		25E301922B0A2A1A008CC1BE /* DisabledButton.swift */ = {isa = PBXFileReference; lastKnownFileType = sourcecode.swift; path = DisabledButton.swift; sourceTree = "<group>"; };
		25E301942B0A2A38008CC1BE /* CreateButton.swift */ = {isa = PBXFileReference; lastKnownFileType = sourcecode.swift; path = CreateButton.swift; sourceTree = "<group>"; };
		25E301962B0A2A40008CC1BE /* DeleteButton.swift */ = {isa = PBXFileReference; lastKnownFileType = sourcecode.swift; path = DeleteButton.swift; sourceTree = "<group>"; };
		25EDC7922B054D2A0094DBBA /* SessionTimer.swift */ = {isa = PBXFileReference; lastKnownFileType = sourcecode.swift; path = SessionTimer.swift; sourceTree = "<group>"; };
		25EDC7942B054D320094DBBA /* TimerElement.swift */ = {isa = PBXFileReference; lastKnownFileType = sourcecode.swift; path = TimerElement.swift; sourceTree = "<group>"; };
/* End PBXFileReference section */

/* Begin PBXFrameworksBuildPhase section */
		2505E6922B0F843E00876783 /* Frameworks */ = {
			isa = PBXFrameworksBuildPhase;
			buildActionMask = 2147483647;
			files = (
				2505E69A2B0F843E00876783 /* SwiftUI.framework in Frameworks */,
				2505E6982B0F843E00876783 /* WidgetKit.framework in Frameworks */,
			);
			runOnlyForDeploymentPostprocessing = 0;
		};
		257959CF2B04FB000033DFAB /* Frameworks */ = {
			isa = PBXFrameworksBuildPhase;
			buildActionMask = 2147483647;
			files = (
			);
			runOnlyForDeploymentPostprocessing = 0;
		};
/* End PBXFrameworksBuildPhase section */

/* Begin PBXGroup section */
		250087082B21FFB20014AF27 /* Toolbar */ = {
			isa = PBXGroup;
			children = (
				250087092B21FFC00014AF27 /* InformationLink.swift */,
				25BFB0312B0F68D90062E4BC /* AppInformation.swift */,
			);
			path = Toolbar;
			sourceTree = "<group>";
		};
		2505E6962B0F843E00876783 /* Frameworks */ = {
			isa = PBXGroup;
			children = (
				2505E6972B0F843E00876783 /* WidgetKit.framework */,
				2505E6992B0F843E00876783 /* SwiftUI.framework */,
			);
			name = Frameworks;
			sourceTree = "<group>";
		};
		2505E69B2B0F843E00876783 /* TimerWidget */ = {
			isa = PBXGroup;
			children = (
				25C6C5572B177D7700818265 /* Components */,
				25B404172B10B391007EF384 /* WidgetViews */,
				2505E6B12B10840C00876783 /* Helpers */,
				2505E69C2B0F843E00876783 /* TimerWidgetBundle.swift */,
				2505E69E2B0F843E00876783 /* TimerWidget.swift */,
				2505E6A02B0F844000876783 /* Assets.xcassets */,
				2505E6A22B0F844000876783 /* Info.plist */,
			);
			path = TimerWidget;
			sourceTree = "<group>";
		};
		2505E6B12B10840C00876783 /* Helpers */ = {
			isa = PBXGroup;
			children = (
				2505E6B22B10842700876783 /* NextUpdateDate.swift */,
			);
			path = Helpers;
			sourceTree = "<group>";
		};
		257959C92B04FB000033DFAB = {
			isa = PBXGroup;
			children = (
				25BE0E462B2349BC0089B5BA /* Classes */,
				25C6C53D2B17793B00818265 /* Structs */,
				25C6C5382B1778D200818265 /* Helpers */,
				25125EFB2B14914400CA10EE /* Config.xcconfig */,
				257959D42B04FB000033DFAB /* f1-countdown-ios */,
				2505E69B2B0F843E00876783 /* TimerWidget */,
				2505E6962B0F843E00876783 /* Frameworks */,
				257959D32B04FB000033DFAB /* Products */,
			);
			sourceTree = "<group>";
		};
		257959D32B04FB000033DFAB /* Products */ = {
			isa = PBXGroup;
			children = (
				257959D22B04FB000033DFAB /* f1-countdown-ios.app */,
				2505E6952B0F843E00876783 /* TimerWidgetExtension.appex */,
			);
			name = Products;
			sourceTree = "<group>";
		};
		257959D42B04FB000033DFAB /* f1-countdown-ios */ = {
			isa = PBXGroup;
			children = (
				25104C5C2B0A51E3001FDF49 /* Info.plist */,
				2521762C2B08C4270023C9B3 /* f1-countdown-ios.entitlements */,
				257959E32B04FB410033DFAB /* Components */,
				257959D52B04FB000033DFAB /* f1_countdown_iosApp.swift */,
				257959D72B04FB000033DFAB /* ContentView.swift */,
				257959D92B04FB010033DFAB /* Assets.xcassets */,
				257959DB2B04FB010033DFAB /* Preview Content */,
			);
			path = "f1-countdown-ios";
			sourceTree = "<group>";
		};
		257959DB2B04FB010033DFAB /* Preview Content */ = {
			isa = PBXGroup;
			children = (
				257959DC2B04FB010033DFAB /* Preview Assets.xcassets */,
			);
			path = "Preview Content";
			sourceTree = "<group>";
		};
		257959E32B04FB410033DFAB /* Components */ = {
			isa = PBXGroup;
			children = (
				250087082B21FFB20014AF27 /* Toolbar */,
				25E3018D2B0A1144008CC1BE /* UpcomingRaces */,
				25EDC7912B054D200094DBBA /* Timer */,
				2539F2ED2B0811930041FF65 /* SessionPicker.swift */,
			);
			path = Components;
			sourceTree = "<group>";
		};
		25B404172B10B391007EF384 /* WidgetViews */ = {
			isa = PBXGroup;
			children = (
				25B404182B10B3D7007EF384 /* Medium.swift */,
				25B4041A2B10B660007EF384 /* Large.swift */,
			);
			path = WidgetViews;
			sourceTree = "<group>";
		};
		25BE0E462B2349BC0089B5BA /* Classes */ = {
			isa = PBXGroup;
			children = (
				25BE0E472B2349E20089B5BA /* DeltaValues.swift */,
			);
			path = Classes;
			sourceTree = "<group>";
		};
		25C6C5382B1778D200818265 /* Helpers */ = {
			isa = PBXGroup;
			children = (
				25C6C5472B1779A900818265 /* Notifications */,
				25C6C53A2B17791E00818265 /* API.swift */,
				25C6C5442B17799500818265 /* RaceTitle.swift */,
				25C6C54E2B1779E400818265 /* CountryFlag.swift */,
				25C6C5512B1779FC00818265 /* DateFormatters.swift */,
				25C6C5542B177A0F00818265 /* SessionName.swift */,
			);
			path = Helpers;
			sourceTree = "<group>";
		};
		25C6C53D2B17793B00818265 /* Structs */ = {
			isa = PBXGroup;
			children = (
				25C6C53E2B17794600818265 /* APIConfig.swift */,
				25C6C5412B17795B00818265 /* APIData.swift */,
			);
			path = Structs;
			sourceTree = "<group>";
		};
		25C6C5472B1779A900818265 /* Notifications */ = {
			isa = PBXGroup;
			children = (
				25C6C5482B1779BA00818265 /* CreateNotification.swift */,
				25C6C54B2B1779CE00818265 /* DeleteNotification.swift */,
			);
			path = Notifications;
			sourceTree = "<group>";
		};
		25C6C5572B177D7700818265 /* Components */ = {
			isa = PBXGroup;
			children = (
				25C6C5582B177DB400818265 /* SessionInfo.swift */,
			);
			path = Components;
			sourceTree = "<group>";
		};
		25E3018D2B0A1144008CC1BE /* UpcomingRaces */ = {
			isa = PBXGroup;
			children = (
				25E3018E2B0A11B8008CC1BE /* Sessions */,
				25CC38542B1480BA009209BE /* RaceSheet.swift */,
			);
			path = UpcomingRaces;
			sourceTree = "<group>";
		};
		25E3018E2B0A11B8008CC1BE /* Sessions */ = {
			isa = PBXGroup;
			children = (
				25E301912B0A2A0F008CC1BE /* Buttons */,
				25E3018F2B0A11C5008CC1BE /* SessionDetails.swift */,
				2521762A2B08BEB00023C9B3 /* SessionWeather.swift */,
				25DE90782B09168A00632B61 /* NotificationButton.swift */,
			);
			path = Sessions;
			sourceTree = "<group>";
		};
		25E301912B0A2A0F008CC1BE /* Buttons */ = {
			isa = PBXGroup;
			children = (
				25E301922B0A2A1A008CC1BE /* DisabledButton.swift */,
				25E301942B0A2A38008CC1BE /* CreateButton.swift */,
				25E301962B0A2A40008CC1BE /* DeleteButton.swift */,
			);
			path = Buttons;
			sourceTree = "<group>";
		};
		25EDC7912B054D200094DBBA /* Timer */ = {
			isa = PBXGroup;
			children = (
				25EDC7922B054D2A0094DBBA /* SessionTimer.swift */,
				25EDC7942B054D320094DBBA /* TimerElement.swift */,
			);
			path = Timer;
			sourceTree = "<group>";
		};
/* End PBXGroup section */

/* Begin PBXNativeTarget section */
		2505E6942B0F843E00876783 /* TimerWidgetExtension */ = {
			isa = PBXNativeTarget;
			buildConfigurationList = 2505E6A92B0F844000876783 /* Build configuration list for PBXNativeTarget "TimerWidgetExtension" */;
			buildPhases = (
				2505E6912B0F843E00876783 /* Sources */,
				2505E6922B0F843E00876783 /* Frameworks */,
				2505E6932B0F843E00876783 /* Resources */,
			);
			buildRules = (
			);
			dependencies = (
			);
			name = TimerWidgetExtension;
			productName = TimerWidgetExtension;
			productReference = 2505E6952B0F843E00876783 /* TimerWidgetExtension.appex */;
			productType = "com.apple.product-type.app-extension";
		};
		257959D12B04FB000033DFAB /* f1-countdown-ios */ = {
			isa = PBXNativeTarget;
			buildConfigurationList = 257959E02B04FB010033DFAB /* Build configuration list for PBXNativeTarget "f1-countdown-ios" */;
			buildPhases = (
				257959CE2B04FB000033DFAB /* Sources */,
				257959CF2B04FB000033DFAB /* Frameworks */,
				257959D02B04FB000033DFAB /* Resources */,
				2505E6A62B0F844000876783 /* Embed Foundation Extensions */,
			);
			buildRules = (
			);
			dependencies = (
				2505E6A42B0F844000876783 /* PBXTargetDependency */,
			);
			name = "f1-countdown-ios";
			productName = "f1-countdown-ios";
			productReference = 257959D22B04FB000033DFAB /* f1-countdown-ios.app */;
			productType = "com.apple.product-type.application";
		};
/* End PBXNativeTarget section */

/* Begin PBXProject section */
		257959CA2B04FB000033DFAB /* Project object */ = {
			isa = PBXProject;
			attributes = {
				BuildIndependentTargetsInParallel = 1;
				LastSwiftUpdateCheck = 1500;
				LastUpgradeCheck = 1500;
				TargetAttributes = {
					2505E6942B0F843E00876783 = {
						CreatedOnToolsVersion = 15.0.1;
					};
					257959D12B04FB000033DFAB = {
						CreatedOnToolsVersion = 15.0.1;
					};
				};
			};
			buildConfigurationList = 257959CD2B04FB000033DFAB /* Build configuration list for PBXProject "f1-countdown-ios" */;
			compatibilityVersion = "Xcode 14.0";
			developmentRegion = en;
			hasScannedForEncodings = 0;
			knownRegions = (
				en,
				Base,
			);
			mainGroup = 257959C92B04FB000033DFAB;
			productRefGroup = 257959D32B04FB000033DFAB /* Products */;
			projectDirPath = "";
			projectRoot = "";
			targets = (
				257959D12B04FB000033DFAB /* f1-countdown-ios */,
				2505E6942B0F843E00876783 /* TimerWidgetExtension */,
			);
		};
/* End PBXProject section */

/* Begin PBXResourcesBuildPhase section */
		2505E6932B0F843E00876783 /* Resources */ = {
			isa = PBXResourcesBuildPhase;
			buildActionMask = 2147483647;
			files = (
				25125EFD2B14914400CA10EE /* Config.xcconfig in Resources */,
				2505E6A12B0F844000876783 /* Assets.xcassets in Resources */,
			);
			runOnlyForDeploymentPostprocessing = 0;
		};
		257959D02B04FB000033DFAB /* Resources */ = {
			isa = PBXResourcesBuildPhase;
			buildActionMask = 2147483647;
			files = (
				257959DD2B04FB010033DFAB /* Preview Assets.xcassets in Resources */,
				25125EFC2B14914400CA10EE /* Config.xcconfig in Resources */,
				257959DA2B04FB010033DFAB /* Assets.xcassets in Resources */,
			);
			runOnlyForDeploymentPostprocessing = 0;
		};
/* End PBXResourcesBuildPhase section */

/* Begin PBXSourcesBuildPhase section */
		2505E6912B0F843E00876783 /* Sources */ = {
			isa = PBXSourcesBuildPhase;
			buildActionMask = 2147483647;
			files = (
				25C6C5432B17795B00818265 /* APIData.swift in Sources */,
				25C6C54D2B1779CE00818265 /* DeleteNotification.swift in Sources */,
				25B404192B10B3D7007EF384 /* Medium.swift in Sources */,
				25C6C5462B17799500818265 /* RaceTitle.swift in Sources */,
				25C6C5402B17794600818265 /* APIConfig.swift in Sources */,
				2505E69D2B0F843E00876783 /* TimerWidgetBundle.swift in Sources */,
				25C6C5532B1779FC00818265 /* DateFormatters.swift in Sources */,
				25C6C5502B1779E400818265 /* CountryFlag.swift in Sources */,
				25C6C5592B177DB400818265 /* SessionInfo.swift in Sources */,
				25C6C5562B177A0F00818265 /* SessionName.swift in Sources */,
				25C6C54A2B1779BA00818265 /* CreateNotification.swift in Sources */,
				25C6C53C2B17791E00818265 /* API.swift in Sources */,
				25B4041B2B10B660007EF384 /* Large.swift in Sources */,
				2505E6B32B10842700876783 /* NextUpdateDate.swift in Sources */,
				2505E69F2B0F843E00876783 /* TimerWidget.swift in Sources */,
			);
			runOnlyForDeploymentPostprocessing = 0;
		};
		257959CE2B04FB000033DFAB /* Sources */ = {
			isa = PBXSourcesBuildPhase;
			buildActionMask = 2147483647;
			files = (
				25E301952B0A2A38008CC1BE /* CreateButton.swift in Sources */,
				25E301932B0A2A1A008CC1BE /* DisabledButton.swift in Sources */,
				25C6C5492B1779BA00818265 /* CreateNotification.swift in Sources */,
				2539F2EE2B0811930041FF65 /* SessionPicker.swift in Sources */,
				257959D82B04FB000033DFAB /* ContentView.swift in Sources */,
				25C6C53F2B17794600818265 /* APIConfig.swift in Sources */,
				25BE0E482B2349E20089B5BA /* DeltaValues.swift in Sources */,
				25CC38552B1480BA009209BE /* RaceSheet.swift in Sources */,
				25BFB0322B0F68D90062E4BC /* AppInformation.swift in Sources */,
				25DE90792B09168A00632B61 /* NotificationButton.swift in Sources */,
				25E301902B0A11C5008CC1BE /* SessionDetails.swift in Sources */,
				25C6C54C2B1779CE00818265 /* DeleteNotification.swift in Sources */,
				25EDC7932B054D2A0094DBBA /* SessionTimer.swift in Sources */,
				25C6C5552B177A0F00818265 /* SessionName.swift in Sources */,
				25C6C5522B1779FC00818265 /* DateFormatters.swift in Sources */,
				25C6C5422B17795B00818265 /* APIData.swift in Sources */,
				25C6C54F2B1779E400818265 /* CountryFlag.swift in Sources */,
				25EDC7952B054D320094DBBA /* TimerElement.swift in Sources */,
				2521762B2B08BEB00023C9B3 /* SessionWeather.swift in Sources */,
				257959D62B04FB000033DFAB /* f1_countdown_iosApp.swift in Sources */,
				25C6C53B2B17791E00818265 /* API.swift in Sources */,
				2500870A2B21FFC00014AF27 /* InformationLink.swift in Sources */,
				25E301972B0A2A40008CC1BE /* DeleteButton.swift in Sources */,
				25C6C5452B17799500818265 /* RaceTitle.swift in Sources */,
			);
			runOnlyForDeploymentPostprocessing = 0;
		};
/* End PBXSourcesBuildPhase section */

/* Begin PBXTargetDependency section */
		2505E6A42B0F844000876783 /* PBXTargetDependency */ = {
			isa = PBXTargetDependency;
			target = 2505E6942B0F843E00876783 /* TimerWidgetExtension */;
			targetProxy = 2505E6A32B0F844000876783 /* PBXContainerItemProxy */;
		};
/* End PBXTargetDependency section */

/* Begin XCBuildConfiguration section */
		2505E6A72B0F844000876783 /* Debug */ = {
			isa = XCBuildConfiguration;
			baseConfigurationReference = 25125EFB2B14914400CA10EE /* Config.xcconfig */;
			buildSettings = {
				ASSETCATALOG_COMPILER_GLOBAL_ACCENT_COLOR_NAME = AccentColor;
				ASSETCATALOG_COMPILER_WIDGET_BACKGROUND_COLOR_NAME = WidgetBackground;
				CODE_SIGN_STYLE = Automatic;
				CURRENT_PROJECT_VERSION = "$(BUILD_NUMBER)";
				DEVELOPMENT_TEAM = UU6Y3A827V;
				GENERATE_INFOPLIST_FILE = YES;
				INFOPLIST_FILE = TimerWidget/Info.plist;
				INFOPLIST_KEY_CFBundleDisplayName = TimerWidget;
				INFOPLIST_KEY_NSHumanReadableCopyright = "";
				LD_RUNPATH_SEARCH_PATHS = (
					"$(inherited)",
					"@executable_path/Frameworks",
					"@executable_path/../../Frameworks",
				);
				MARKETING_VERSION = "$(VERSION)";
				PRODUCT_BUNDLE_IDENTIFIER = "com.lassewolpmann.f1-countdown-ios.TimerWidget";
				PRODUCT_NAME = "$(TARGET_NAME)";
				SKIP_INSTALL = YES;
				SWIFT_EMIT_LOC_STRINGS = YES;
				SWIFT_VERSION = 5.0;
				TARGETED_DEVICE_FAMILY = "1,2";
			};
			name = Debug;
		};
		2505E6A82B0F844000876783 /* Release */ = {
			isa = XCBuildConfiguration;
			baseConfigurationReference = 25125EFB2B14914400CA10EE /* Config.xcconfig */;
			buildSettings = {
				ASSETCATALOG_COMPILER_GLOBAL_ACCENT_COLOR_NAME = AccentColor;
				ASSETCATALOG_COMPILER_WIDGET_BACKGROUND_COLOR_NAME = WidgetBackground;
				CODE_SIGN_STYLE = Automatic;
				CURRENT_PROJECT_VERSION = "$(BUILD_NUMBER)";
				DEVELOPMENT_TEAM = UU6Y3A827V;
				GENERATE_INFOPLIST_FILE = YES;
				INFOPLIST_FILE = TimerWidget/Info.plist;
				INFOPLIST_KEY_CFBundleDisplayName = TimerWidget;
				INFOPLIST_KEY_NSHumanReadableCopyright = "";
				LD_RUNPATH_SEARCH_PATHS = (
					"$(inherited)",
					"@executable_path/Frameworks",
					"@executable_path/../../Frameworks",
				);
				MARKETING_VERSION = "$(VERSION)";
				PRODUCT_BUNDLE_IDENTIFIER = "com.lassewolpmann.f1-countdown-ios.TimerWidget";
				PRODUCT_NAME = "$(TARGET_NAME)";
				SKIP_INSTALL = YES;
				SWIFT_EMIT_LOC_STRINGS = YES;
				SWIFT_VERSION = 5.0;
				TARGETED_DEVICE_FAMILY = "1,2";
			};
			name = Release;
		};
		257959DE2B04FB010033DFAB /* Debug */ = {
			isa = XCBuildConfiguration;
			baseConfigurationReference = 25125EFB2B14914400CA10EE /* Config.xcconfig */;
			buildSettings = {
				ALWAYS_SEARCH_USER_PATHS = NO;
				ASSETCATALOG_COMPILER_GENERATE_SWIFT_ASSET_SYMBOL_EXTENSIONS = YES;
				CLANG_ANALYZER_NONNULL = YES;
				CLANG_ANALYZER_NUMBER_OBJECT_CONVERSION = YES_AGGRESSIVE;
				CLANG_CXX_LANGUAGE_STANDARD = "gnu++20";
				CLANG_ENABLE_MODULES = YES;
				CLANG_ENABLE_OBJC_ARC = YES;
				CLANG_ENABLE_OBJC_WEAK = YES;
				CLANG_WARN_BLOCK_CAPTURE_AUTORELEASING = YES;
				CLANG_WARN_BOOL_CONVERSION = YES;
				CLANG_WARN_COMMA = YES;
				CLANG_WARN_CONSTANT_CONVERSION = YES;
				CLANG_WARN_DEPRECATED_OBJC_IMPLEMENTATIONS = YES;
				CLANG_WARN_DIRECT_OBJC_ISA_USAGE = YES_ERROR;
				CLANG_WARN_DOCUMENTATION_COMMENTS = YES;
				CLANG_WARN_EMPTY_BODY = YES;
				CLANG_WARN_ENUM_CONVERSION = YES;
				CLANG_WARN_INFINITE_RECURSION = YES;
				CLANG_WARN_INT_CONVERSION = YES;
				CLANG_WARN_NON_LITERAL_NULL_CONVERSION = YES;
				CLANG_WARN_OBJC_IMPLICIT_RETAIN_SELF = YES;
				CLANG_WARN_OBJC_LITERAL_CONVERSION = YES;
				CLANG_WARN_OBJC_ROOT_CLASS = YES_ERROR;
				CLANG_WARN_QUOTED_INCLUDE_IN_FRAMEWORK_HEADER = YES;
				CLANG_WARN_RANGE_LOOP_ANALYSIS = YES;
				CLANG_WARN_STRICT_PROTOTYPES = YES;
				CLANG_WARN_SUSPICIOUS_MOVE = YES;
				CLANG_WARN_UNGUARDED_AVAILABILITY = YES_AGGRESSIVE;
				CLANG_WARN_UNREACHABLE_CODE = YES;
				CLANG_WARN__DUPLICATE_METHOD_MATCH = YES;
				COPY_PHASE_STRIP = NO;
				DEBUG_INFORMATION_FORMAT = dwarf;
				ENABLE_STRICT_OBJC_MSGSEND = YES;
				ENABLE_TESTABILITY = YES;
				ENABLE_USER_SCRIPT_SANDBOXING = YES;
				GCC_C_LANGUAGE_STANDARD = gnu17;
				GCC_DYNAMIC_NO_PIC = NO;
				GCC_NO_COMMON_BLOCKS = YES;
				GCC_OPTIMIZATION_LEVEL = 0;
				GCC_PREPROCESSOR_DEFINITIONS = (
					"DEBUG=1",
					"$(inherited)",
				);
				GCC_WARN_64_TO_32_BIT_CONVERSION = YES;
				GCC_WARN_ABOUT_RETURN_TYPE = YES_ERROR;
				GCC_WARN_UNDECLARED_SELECTOR = YES;
				GCC_WARN_UNINITIALIZED_AUTOS = YES_AGGRESSIVE;
				GCC_WARN_UNUSED_FUNCTION = YES;
				GCC_WARN_UNUSED_VARIABLE = YES;
				IPHONEOS_DEPLOYMENT_TARGET = 17.0;
				LOCALIZATION_PREFERS_STRING_CATALOGS = YES;
				MTL_ENABLE_DEBUG_INFO = INCLUDE_SOURCE;
				MTL_FAST_MATH = YES;
				ONLY_ACTIVE_ARCH = YES;
				SDKROOT = iphoneos;
				SWIFT_ACTIVE_COMPILATION_CONDITIONS = "DEBUG $(inherited)";
				SWIFT_OPTIMIZATION_LEVEL = "-Onone";
			};
			name = Debug;
		};
		257959DF2B04FB010033DFAB /* Release */ = {
			isa = XCBuildConfiguration;
			baseConfigurationReference = 25125EFB2B14914400CA10EE /* Config.xcconfig */;
			buildSettings = {
				ALWAYS_SEARCH_USER_PATHS = NO;
				ASSETCATALOG_COMPILER_GENERATE_SWIFT_ASSET_SYMBOL_EXTENSIONS = YES;
				CLANG_ANALYZER_NONNULL = YES;
				CLANG_ANALYZER_NUMBER_OBJECT_CONVERSION = YES_AGGRESSIVE;
				CLANG_CXX_LANGUAGE_STANDARD = "gnu++20";
				CLANG_ENABLE_MODULES = YES;
				CLANG_ENABLE_OBJC_ARC = YES;
				CLANG_ENABLE_OBJC_WEAK = YES;
				CLANG_WARN_BLOCK_CAPTURE_AUTORELEASING = YES;
				CLANG_WARN_BOOL_CONVERSION = YES;
				CLANG_WARN_COMMA = YES;
				CLANG_WARN_CONSTANT_CONVERSION = YES;
				CLANG_WARN_DEPRECATED_OBJC_IMPLEMENTATIONS = YES;
				CLANG_WARN_DIRECT_OBJC_ISA_USAGE = YES_ERROR;
				CLANG_WARN_DOCUMENTATION_COMMENTS = YES;
				CLANG_WARN_EMPTY_BODY = YES;
				CLANG_WARN_ENUM_CONVERSION = YES;
				CLANG_WARN_INFINITE_RECURSION = YES;
				CLANG_WARN_INT_CONVERSION = YES;
				CLANG_WARN_NON_LITERAL_NULL_CONVERSION = YES;
				CLANG_WARN_OBJC_IMPLICIT_RETAIN_SELF = YES;
				CLANG_WARN_OBJC_LITERAL_CONVERSION = YES;
				CLANG_WARN_OBJC_ROOT_CLASS = YES_ERROR;
				CLANG_WARN_QUOTED_INCLUDE_IN_FRAMEWORK_HEADER = YES;
				CLANG_WARN_RANGE_LOOP_ANALYSIS = YES;
				CLANG_WARN_STRICT_PROTOTYPES = YES;
				CLANG_WARN_SUSPICIOUS_MOVE = YES;
				CLANG_WARN_UNGUARDED_AVAILABILITY = YES_AGGRESSIVE;
				CLANG_WARN_UNREACHABLE_CODE = YES;
				CLANG_WARN__DUPLICATE_METHOD_MATCH = YES;
				COPY_PHASE_STRIP = NO;
				DEBUG_INFORMATION_FORMAT = "dwarf-with-dsym";
				ENABLE_NS_ASSERTIONS = NO;
				ENABLE_STRICT_OBJC_MSGSEND = YES;
				ENABLE_USER_SCRIPT_SANDBOXING = YES;
				GCC_C_LANGUAGE_STANDARD = gnu17;
				GCC_NO_COMMON_BLOCKS = YES;
				GCC_WARN_64_TO_32_BIT_CONVERSION = YES;
				GCC_WARN_ABOUT_RETURN_TYPE = YES_ERROR;
				GCC_WARN_UNDECLARED_SELECTOR = YES;
				GCC_WARN_UNINITIALIZED_AUTOS = YES_AGGRESSIVE;
				GCC_WARN_UNUSED_FUNCTION = YES;
				GCC_WARN_UNUSED_VARIABLE = YES;
				IPHONEOS_DEPLOYMENT_TARGET = 17.0;
				LOCALIZATION_PREFERS_STRING_CATALOGS = YES;
				MTL_ENABLE_DEBUG_INFO = NO;
				MTL_FAST_MATH = YES;
				SDKROOT = iphoneos;
				SWIFT_COMPILATION_MODE = wholemodule;
				VALIDATE_PRODUCT = YES;
			};
			name = Release;
		};
		257959E12B04FB010033DFAB /* Debug */ = {
			isa = XCBuildConfiguration;
			baseConfigurationReference = 25125EFB2B14914400CA10EE /* Config.xcconfig */;
			buildSettings = {
				ALWAYS_EMBED_SWIFT_STANDARD_LIBRARIES = YES;
				ASSETCATALOG_COMPILER_APPICON_NAME = AppIcon;
				ASSETCATALOG_COMPILER_GLOBAL_ACCENT_COLOR_NAME = AccentColor;
				CODE_SIGN_ENTITLEMENTS = "f1-countdown-ios/f1-countdown-ios.entitlements";
				CODE_SIGN_STYLE = Automatic;
				CURRENT_PROJECT_VERSION = "$(BUILD_NUMBER)";
				DEVELOPMENT_ASSET_PATHS = "\"f1-countdown-ios/Preview Content\"";
				DEVELOPMENT_TEAM = UU6Y3A827V;
				ENABLE_PREVIEWS = YES;
				GENERATE_INFOPLIST_FILE = YES;
				INFOPLIST_FILE = "f1-countdown-ios/Info.plist";
				INFOPLIST_KEY_CFBundleDisplayName = "F1-Countdown";
				INFOPLIST_KEY_LSApplicationCategoryType = "public.app-category.sports";
				INFOPLIST_KEY_UIApplicationSceneManifest_Generation = YES;
				INFOPLIST_KEY_UIApplicationSupportsIndirectInputEvents = YES;
				INFOPLIST_KEY_UILaunchScreen_Generation = YES;
				INFOPLIST_KEY_UISupportedInterfaceOrientations_iPad = "UIInterfaceOrientationPortrait UIInterfaceOrientationPortraitUpsideDown UIInterfaceOrientationLandscapeLeft UIInterfaceOrientationLandscapeRight";
				INFOPLIST_KEY_UISupportedInterfaceOrientations_iPhone = "UIInterfaceOrientationPortrait UIInterfaceOrientationLandscapeLeft UIInterfaceOrientationLandscapeRight";
				IPHONEOS_DEPLOYMENT_TARGET = 17.0;
				LD_RUNPATH_SEARCH_PATHS = (
					"$(inherited)",
					"@executable_path/Frameworks",
				);
				MARKETING_VERSION = "$(VERSION)";
				PRODUCT_BUNDLE_IDENTIFIER = "com.lassewolpmann.f1-countdown-ios";
				PRODUCT_NAME = "$(TARGET_NAME)";
				SWIFT_EMIT_LOC_STRINGS = YES;
				SWIFT_VERSION = 5.0;
				TARGETED_DEVICE_FAMILY = "1,2";
			};
			name = Debug;
		};
		257959E22B04FB010033DFAB /* Release */ = {
			isa = XCBuildConfiguration;
			baseConfigurationReference = 25125EFB2B14914400CA10EE /* Config.xcconfig */;
			buildSettings = {
				ALWAYS_EMBED_SWIFT_STANDARD_LIBRARIES = YES;
				ASSETCATALOG_COMPILER_APPICON_NAME = AppIcon;
				ASSETCATALOG_COMPILER_GLOBAL_ACCENT_COLOR_NAME = AccentColor;
				CODE_SIGN_ENTITLEMENTS = "f1-countdown-ios/f1-countdown-ios.entitlements";
				CODE_SIGN_STYLE = Automatic;
				CURRENT_PROJECT_VERSION = "$(BUILD_NUMBER)";
				DEVELOPMENT_ASSET_PATHS = "\"f1-countdown-ios/Preview Content\"";
				DEVELOPMENT_TEAM = UU6Y3A827V;
				ENABLE_PREVIEWS = YES;
				GENERATE_INFOPLIST_FILE = YES;
				INFOPLIST_FILE = "f1-countdown-ios/Info.plist";
				INFOPLIST_KEY_CFBundleDisplayName = "F1-Countdown";
				INFOPLIST_KEY_LSApplicationCategoryType = "public.app-category.sports";
				INFOPLIST_KEY_UIApplicationSceneManifest_Generation = YES;
				INFOPLIST_KEY_UIApplicationSupportsIndirectInputEvents = YES;
				INFOPLIST_KEY_UILaunchScreen_Generation = YES;
				INFOPLIST_KEY_UISupportedInterfaceOrientations_iPad = "UIInterfaceOrientationPortrait UIInterfaceOrientationPortraitUpsideDown UIInterfaceOrientationLandscapeLeft UIInterfaceOrientationLandscapeRight";
				INFOPLIST_KEY_UISupportedInterfaceOrientations_iPhone = "UIInterfaceOrientationPortrait UIInterfaceOrientationLandscapeLeft UIInterfaceOrientationLandscapeRight";
				IPHONEOS_DEPLOYMENT_TARGET = 17.0;
				LD_RUNPATH_SEARCH_PATHS = (
					"$(inherited)",
					"@executable_path/Frameworks",
				);
				MARKETING_VERSION = "$(VERSION)";
				PRODUCT_BUNDLE_IDENTIFIER = "com.lassewolpmann.f1-countdown-ios";
				PRODUCT_NAME = "$(TARGET_NAME)";
				SWIFT_EMIT_LOC_STRINGS = YES;
				SWIFT_VERSION = 5.0;
				TARGETED_DEVICE_FAMILY = "1,2";
			};
			name = Release;
		};
/* End XCBuildConfiguration section */

/* Begin XCConfigurationList section */
		2505E6A92B0F844000876783 /* Build configuration list for PBXNativeTarget "TimerWidgetExtension" */ = {
			isa = XCConfigurationList;
			buildConfigurations = (
				2505E6A72B0F844000876783 /* Debug */,
				2505E6A82B0F844000876783 /* Release */,
			);
			defaultConfigurationIsVisible = 0;
			defaultConfigurationName = Release;
		};
		257959CD2B04FB000033DFAB /* Build configuration list for PBXProject "f1-countdown-ios" */ = {
			isa = XCConfigurationList;
			buildConfigurations = (
				257959DE2B04FB010033DFAB /* Debug */,
				257959DF2B04FB010033DFAB /* Release */,
			);
			defaultConfigurationIsVisible = 0;
			defaultConfigurationName = Release;
		};
		257959E02B04FB010033DFAB /* Build configuration list for PBXNativeTarget "f1-countdown-ios" */ = {
			isa = XCConfigurationList;
			buildConfigurations = (
				257959E12B04FB010033DFAB /* Debug */,
				257959E22B04FB010033DFAB /* Release */,
			);
			defaultConfigurationIsVisible = 0;
			defaultConfigurationName = Release;
		};
/* End XCConfigurationList section */
	};
	rootObject = 257959CA2B04FB000033DFAB /* Project object */;
}
