// !$*UTF8*$!
{
	archiveVersion = 1;
	classes = {
	};
	objectVersion = 56;
	objects = {

/* Begin PBXBuildFile section */
		2505E6982B0F843E00876783 /* WidgetKit.framework in Frameworks */ = {isa = PBXBuildFile; fileRef = 2505E6972B0F843E00876783 /* WidgetKit.framework */; };
		2505E69A2B0F843E00876783 /* SwiftUI.framework in Frameworks */ = {isa = PBXBuildFile; fileRef = 2505E6992B0F843E00876783 /* SwiftUI.framework */; };
		2505E69D2B0F843E00876783 /* TimerWidgetBundle.swift in Sources */ = {isa = PBXBuildFile; fileRef = 2505E69C2B0F843E00876783 /* TimerWidgetBundle.swift */; };
		2505E69F2B0F843E00876783 /* TimerWidget.swift in Sources */ = {isa = PBXBuildFile; fileRef = 2505E69E2B0F843E00876783 /* TimerWidget.swift */; };
		2505E6A12B0F844000876783 /* Assets.xcassets in Resources */ = {isa = PBXBuildFile; fileRef = 2505E6A02B0F844000876783 /* Assets.xcassets */; };
		2505E6A52B0F844000876783 /* TimerWidgetExtension.appex in Embed Foundation Extensions */ = {isa = PBXBuildFile; fileRef = 2505E6952B0F843E00876783 /* TimerWidgetExtension.appex */; settings = {ATTRIBUTES = (RemoveHeadersOnCopy, ); }; };
		2507CEB62C556BE000272430 /* NotificationController.swift in Sources */ = {isa = PBXBuildFile; fileRef = 2507CEB52C556BE000272430 /* NotificationController.swift */; };
		2507CEB72C556BE000272430 /* NotificationController.swift in Sources */ = {isa = PBXBuildFile; fileRef = 2507CEB52C556BE000272430 /* NotificationController.swift */; };
		2507CEB82C556BE000272430 /* NotificationController.swift in Sources */ = {isa = PBXBuildFile; fileRef = 2507CEB52C556BE000272430 /* NotificationController.swift */; };
		251C655F2B73779B003E4A13 /* AppData.swift in Sources */ = {isa = PBXBuildFile; fileRef = 251C655E2B73779B003E4A13 /* AppData.swift */; };
		251C65602B73779B003E4A13 /* AppData.swift in Sources */ = {isa = PBXBuildFile; fileRef = 251C655E2B73779B003E4A13 /* AppData.swift */; };
		256D6C552D23D78D004BF92C /* SampleData.swift in Sources */ = {isa = PBXBuildFile; fileRef = 256D6C542D23D78D004BF92C /* SampleData.swift */; };
		256D6C562D23D78D004BF92C /* SampleData.swift in Sources */ = {isa = PBXBuildFile; fileRef = 256D6C542D23D78D004BF92C /* SampleData.swift */; };
		256D6C572D23D78D004BF92C /* SampleData.swift in Sources */ = {isa = PBXBuildFile; fileRef = 256D6C542D23D78D004BF92C /* SampleData.swift */; };
		257959D62B04FB000033DFAB /* f1_countdown_iosApp.swift in Sources */ = {isa = PBXBuildFile; fileRef = 257959D52B04FB000033DFAB /* f1_countdown_iosApp.swift */; };
		257959D82B04FB000033DFAB /* ContentView.swift in Sources */ = {isa = PBXBuildFile; fileRef = 257959D72B04FB000033DFAB /* ContentView.swift */; };
		257959DA2B04FB010033DFAB /* Assets.xcassets in Resources */ = {isa = PBXBuildFile; fileRef = 257959D92B04FB010033DFAB /* Assets.xcassets */; };
		257959DD2B04FB010033DFAB /* Preview Assets.xcassets in Resources */ = {isa = PBXBuildFile; fileRef = 257959DC2B04FB010033DFAB /* Preview Assets.xcassets */; };
		2596A14D2EE0877E001571AD /* formulacountdown.icon in Resources */ = {isa = PBXBuildFile; fileRef = 2596A14C2EE0877E001571AD /* formulacountdown.icon */; };
		2596A14E2EE0877E001571AD /* formulacountdown.icon in Resources */ = {isa = PBXBuildFile; fileRef = 2596A14C2EE0877E001571AD /* formulacountdown.icon */; };
		2596A14F2EE0877E001571AD /* formulacountdown.icon in Resources */ = {isa = PBXBuildFile; fileRef = 2596A14C2EE0877E001571AD /* formulacountdown.icon */; };
		25A9E4FA2D92834C0037901B /* UpcomingTabCalendarView.swift in Sources */ = {isa = PBXBuildFile; fileRef = 25A9E4F92D92834C0037901B /* UpcomingTabCalendarView.swift */; };
		25AB92BC2D25986D00295255 /* RawAPIData.swift in Sources */ = {isa = PBXBuildFile; fileRef = 25AB92BB2D25986D00295255 /* RawAPIData.swift */; };
		25AB92BD2D25986D00295255 /* RawAPIData.swift in Sources */ = {isa = PBXBuildFile; fileRef = 25AB92BB2D25986D00295255 /* RawAPIData.swift */; };
		25AB92BE2D25986D00295255 /* RawAPIData.swift in Sources */ = {isa = PBXBuildFile; fileRef = 25AB92BB2D25986D00295255 /* RawAPIData.swift */; };
		25AB92C02D25989300295255 /* SeasonData.swift in Sources */ = {isa = PBXBuildFile; fileRef = 25AB92BF2D25989300295255 /* SeasonData.swift */; };
		25AB92C12D25989300295255 /* SeasonData.swift in Sources */ = {isa = PBXBuildFile; fileRef = 25AB92BF2D25989300295255 /* SeasonData.swift */; };
		25AB92C22D25989300295255 /* SeasonData.swift in Sources */ = {isa = PBXBuildFile; fileRef = 25AB92BF2D25989300295255 /* SeasonData.swift */; };
		25AF34612B2F98CA00E7D83A /* TimerTabView.swift in Sources */ = {isa = PBXBuildFile; fileRef = 25AF34602B2F98CA00E7D83A /* TimerTabView.swift */; };
		25B404192B10B3D7007EF384 /* MediumView.swift in Sources */ = {isa = PBXBuildFile; fileRef = 25B404182B10B3D7007EF384 /* MediumView.swift */; };
		25B4041B2B10B660007EF384 /* LargeView.swift in Sources */ = {isa = PBXBuildFile; fileRef = 25B4041A2B10B660007EF384 /* LargeView.swift */; };
		25B8C1512B8DFF2B009A270C /* WidgetHeaderView.swift in Sources */ = {isa = PBXBuildFile; fileRef = 25B8C1502B8DFF2B009A270C /* WidgetHeaderView.swift */; };
		25BFB0322B0F68D90062E4BC /* SettingsTabView.swift in Sources */ = {isa = PBXBuildFile; fileRef = 25BFB0312B0F68D90062E4BC /* SettingsTabView.swift */; };
		25C06D4E2BD2AF6500A375A4 /* PrivacyInfo.xcprivacy in Resources */ = {isa = PBXBuildFile; fileRef = 25C06D4D2BD2AF6500A375A4 /* PrivacyInfo.xcprivacy */; };
		25C06D4F2BD2AF6500A375A4 /* PrivacyInfo.xcprivacy in Resources */ = {isa = PBXBuildFile; fileRef = 25C06D4D2BD2AF6500A375A4 /* PrivacyInfo.xcprivacy */; };
		25C06D502BD2AF6500A375A4 /* PrivacyInfo.xcprivacy in Resources */ = {isa = PBXBuildFile; fileRef = 25C06D4D2BD2AF6500A375A4 /* PrivacyInfo.xcprivacy */; };
		25C6C5592B177DB400818265 /* SessionInfoView.swift in Sources */ = {isa = PBXBuildFile; fileRef = 25C6C5582B177DB400818265 /* SessionInfoView.swift */; };
		25DE90792B09168A00632B61 /* NotificationButtonView.swift in Sources */ = {isa = PBXBuildFile; fileRef = 25DE90782B09168A00632B61 /* NotificationButtonView.swift */; };
		25F11C882BD01E97007D0DE6 /* ContentView.swift in Sources */ = {isa = PBXBuildFile; fileRef = 25F11C872BD01E97007D0DE6 /* ContentView.swift */; };
		25F11C8A2BD01E98007D0DE6 /* Assets.xcassets in Resources */ = {isa = PBXBuildFile; fileRef = 25F11C892BD01E98007D0DE6 /* Assets.xcassets */; };
		25F11C8D2BD01E98007D0DE6 /* Preview Assets.xcassets in Resources */ = {isa = PBXBuildFile; fileRef = 25F11C8C2BD01E98007D0DE6 /* Preview Assets.xcassets */; };
		25F11CA62BD01E98007D0DE6 /* Formula Countdown.app in Embed Watch Content */ = {isa = PBXBuildFile; fileRef = 25F11C832BD01E97007D0DE6 /* Formula Countdown.app */; settings = {ATTRIBUTES = (RemoveHeadersOnCopy, ); }; };
		25F11CB12BD01FE0007D0DE6 /* AppData.swift in Sources */ = {isa = PBXBuildFile; fileRef = 251C655E2B73779B003E4A13 /* AppData.swift */; };
		25F11CC72BD02105007D0DE6 /* f1_countdown_iosApp.swift in Sources */ = {isa = PBXBuildFile; fileRef = 257959D52B04FB000033DFAB /* f1_countdown_iosApp.swift */; };
/* End PBXBuildFile section */

/* Begin PBXContainerItemProxy section */
		2505E6A32B0F844000876783 /* PBXContainerItemProxy */ = {
			isa = PBXContainerItemProxy;
			containerPortal = 257959CA2B04FB000033DFAB /* Project object */;
			proxyType = 1;
			remoteGlobalIDString = 2505E6942B0F843E00876783;
			remoteInfo = TimerWidgetExtension;
		};
		25EA5F0F2BEBA5EC000E8C2D /* PBXContainerItemProxy */ = {
			isa = PBXContainerItemProxy;
			containerPortal = 257959CA2B04FB000033DFAB /* Project object */;
			proxyType = 1;
			remoteGlobalIDString = 2505E6942B0F843E00876783;
			remoteInfo = TimerWidgetExtension;
		};
		25EA5F112BEBA5F0000E8C2D /* PBXContainerItemProxy */ = {
			isa = PBXContainerItemProxy;
			containerPortal = 257959CA2B04FB000033DFAB /* Project object */;
			proxyType = 1;
			remoteGlobalIDString = 25F11C822BD01E97007D0DE6;
			remoteInfo = "WatchTimer Watch App";
		};
		25F11CA42BD01E98007D0DE6 /* PBXContainerItemProxy */ = {
			isa = PBXContainerItemProxy;
			containerPortal = 257959CA2B04FB000033DFAB /* Project object */;
			proxyType = 1;
			remoteGlobalIDString = 25F11C822BD01E97007D0DE6;
			remoteInfo = "WatchTimer Watch App";
		};
/* End PBXContainerItemProxy section */

/* Begin PBXCopyFilesBuildPhase section */
		2505E6A62B0F844000876783 /* Embed Foundation Extensions */ = {
			isa = PBXCopyFilesBuildPhase;
			buildActionMask = 2147483647;
			dstPath = "";
			dstSubfolderSpec = 13;
			files = (
				2505E6A52B0F844000876783 /* TimerWidgetExtension.appex in Embed Foundation Extensions */,
			);
			name = "Embed Foundation Extensions";
			runOnlyForDeploymentPostprocessing = 0;
		};
		25F11CA72BD01E98007D0DE6 /* Embed Watch Content */ = {
			isa = PBXCopyFilesBuildPhase;
			buildActionMask = 2147483647;
			dstPath = "$(CONTENTS_FOLDER_PATH)/Watch";
			dstSubfolderSpec = 16;
			files = (
				25F11CA62BD01E98007D0DE6 /* Formula Countdown.app in Embed Watch Content */,
			);
			name = "Embed Watch Content";
			runOnlyForDeploymentPostprocessing = 0;
		};
/* End PBXCopyFilesBuildPhase section */

/* Begin PBXFileReference section */
		2505E6952B0F843E00876783 /* TimerWidgetExtension.appex */ = {isa = PBXFileReference; explicitFileType = "wrapper.app-extension"; includeInIndex = 0; path = TimerWidgetExtension.appex; sourceTree = BUILT_PRODUCTS_DIR; };
		2505E6972B0F843E00876783 /* WidgetKit.framework */ = {isa = PBXFileReference; lastKnownFileType = wrapper.framework; name = WidgetKit.framework; path = System/Library/Frameworks/WidgetKit.framework; sourceTree = SDKROOT; };
		2505E6992B0F843E00876783 /* SwiftUI.framework */ = {isa = PBXFileReference; lastKnownFileType = wrapper.framework; name = SwiftUI.framework; path = System/Library/Frameworks/SwiftUI.framework; sourceTree = SDKROOT; };
		2505E69C2B0F843E00876783 /* TimerWidgetBundle.swift */ = {isa = PBXFileReference; lastKnownFileType = sourcecode.swift; path = TimerWidgetBundle.swift; sourceTree = "<group>"; };
		2505E69E2B0F843E00876783 /* TimerWidget.swift */ = {isa = PBXFileReference; lastKnownFileType = sourcecode.swift; path = TimerWidget.swift; sourceTree = "<group>"; };
		2505E6A02B0F844000876783 /* Assets.xcassets */ = {isa = PBXFileReference; lastKnownFileType = folder.assetcatalog; path = Assets.xcassets; sourceTree = "<group>"; };
		2505E6A22B0F844000876783 /* Info.plist */ = {isa = PBXFileReference; lastKnownFileType = text.plist.xml; path = Info.plist; sourceTree = "<group>"; };
		2507CEB52C556BE000272430 /* NotificationController.swift */ = {isa = PBXFileReference; fileEncoding = 4; lastKnownFileType = sourcecode.swift; path = NotificationController.swift; sourceTree = "<group>"; };
		25104C5C2B0A51E3001FDF49 /* Info.plist */ = {isa = PBXFileReference; lastKnownFileType = text.plist; path = Info.plist; sourceTree = "<group>"; };
		25125EFB2B14914400CA10EE /* Config.xcconfig */ = {isa = PBXFileReference; lastKnownFileType = text.xcconfig; path = Config.xcconfig; sourceTree = "<group>"; };
		251C655E2B73779B003E4A13 /* AppData.swift */ = {isa = PBXFileReference; lastKnownFileType = sourcecode.swift; path = AppData.swift; sourceTree = "<group>"; };
		251DC1712BD0FFDB00D08D56 /* WatchTimer Watch App.entitlements */ = {isa = PBXFileReference; lastKnownFileType = text.plist.entitlements; path = "WatchTimer Watch App.entitlements"; sourceTree = "<group>"; };
		2521762C2B08C4270023C9B3 /* f1-countdown-ios.entitlements */ = {isa = PBXFileReference; lastKnownFileType = text.plist.entitlements; path = "f1-countdown-ios.entitlements"; sourceTree = "<group>"; };
		256D6C542D23D78D004BF92C /* SampleData.swift */ = {isa = PBXFileReference; lastKnownFileType = sourcecode.swift; path = SampleData.swift; sourceTree = "<group>"; };
		257959D22B04FB000033DFAB /* f1-countdown-ios.app */ = {isa = PBXFileReference; explicitFileType = wrapper.application; includeInIndex = 0; path = "f1-countdown-ios.app"; sourceTree = BUILT_PRODUCTS_DIR; };
		257959D52B04FB000033DFAB /* f1_countdown_iosApp.swift */ = {isa = PBXFileReference; lastKnownFileType = sourcecode.swift; path = f1_countdown_iosApp.swift; sourceTree = "<group>"; };
		257959D72B04FB000033DFAB /* ContentView.swift */ = {isa = PBXFileReference; lastKnownFileType = sourcecode.swift; path = ContentView.swift; sourceTree = "<group>"; };
		257959D92B04FB010033DFAB /* Assets.xcassets */ = {isa = PBXFileReference; lastKnownFileType = folder.assetcatalog; path = Assets.xcassets; sourceTree = "<group>"; };
		257959DC2B04FB010033DFAB /* Preview Assets.xcassets */ = {isa = PBXFileReference; lastKnownFileType = folder.assetcatalog; path = "Preview Assets.xcassets"; sourceTree = "<group>"; };
		2596A14C2EE0877E001571AD /* formulacountdown.icon */ = {isa = PBXFileReference; lastKnownFileType = folder.iconcomposer.icon; path = formulacountdown.icon; sourceTree = "<group>"; };
		25A9E4F92D92834C0037901B /* UpcomingTabCalendarView.swift */ = {isa = PBXFileReference; lastKnownFileType = sourcecode.swift; path = UpcomingTabCalendarView.swift; sourceTree = "<group>"; };
		25AB92BB2D25986D00295255 /* RawAPIData.swift */ = {isa = PBXFileReference; lastKnownFileType = sourcecode.swift; path = RawAPIData.swift; sourceTree = "<group>"; };
		25AB92BF2D25989300295255 /* SeasonData.swift */ = {isa = PBXFileReference; lastKnownFileType = sourcecode.swift; path = SeasonData.swift; sourceTree = "<group>"; };
		25AF34602B2F98CA00E7D83A /* TimerTabView.swift */ = {isa = PBXFileReference; lastKnownFileType = sourcecode.swift; path = TimerTabView.swift; sourceTree = "<group>"; };
		25B404182B10B3D7007EF384 /* MediumView.swift */ = {isa = PBXFileReference; lastKnownFileType = sourcecode.swift; path = MediumView.swift; sourceTree = "<group>"; };
		25B4041A2B10B660007EF384 /* LargeView.swift */ = {isa = PBXFileReference; lastKnownFileType = sourcecode.swift; path = LargeView.swift; sourceTree = "<group>"; };
		25B8C1502B8DFF2B009A270C /* WidgetHeaderView.swift */ = {isa = PBXFileReference; lastKnownFileType = sourcecode.swift; path = WidgetHeaderView.swift; sourceTree = "<group>"; };
		25BC66F72B6A9310006DCE8D /* README.md */ = {isa = PBXFileReference; lastKnownFileType = net.daringfireball.markdown; path = README.md; sourceTree = "<group>"; };
		25BC66F82B6A9384006DCE8D /* LICENSE.md */ = {isa = PBXFileReference; lastKnownFileType = net.daringfireball.markdown; path = LICENSE.md; sourceTree = "<group>"; };
		25BFB0312B0F68D90062E4BC /* SettingsTabView.swift */ = {isa = PBXFileReference; lastKnownFileType = sourcecode.swift; path = SettingsTabView.swift; sourceTree = "<group>"; };
		25C06D4D2BD2AF6500A375A4 /* PrivacyInfo.xcprivacy */ = {isa = PBXFileReference; lastKnownFileType = text.xml; path = PrivacyInfo.xcprivacy; sourceTree = "<group>"; };
		25C3DA662D23190B00B24C61 /* TimerWidgetExtension.entitlements */ = {isa = PBXFileReference; lastKnownFileType = text.plist.entitlements; path = TimerWidgetExtension.entitlements; sourceTree = "<group>"; };
		25C6C5582B177DB400818265 /* SessionInfoView.swift */ = {isa = PBXFileReference; lastKnownFileType = sourcecode.swift; path = SessionInfoView.swift; sourceTree = "<group>"; };
		25DE90782B09168A00632B61 /* NotificationButtonView.swift */ = {isa = PBXFileReference; lastKnownFileType = sourcecode.swift; path = NotificationButtonView.swift; sourceTree = "<group>"; };
		25F11C832BD01E97007D0DE6 /* Formula Countdown.app */ = {isa = PBXFileReference; explicitFileType = wrapper.application; includeInIndex = 0; path = "Formula Countdown.app"; sourceTree = BUILT_PRODUCTS_DIR; };
		25F11C872BD01E97007D0DE6 /* ContentView.swift */ = {isa = PBXFileReference; lastKnownFileType = sourcecode.swift; path = ContentView.swift; sourceTree = "<group>"; };
		25F11C892BD01E98007D0DE6 /* Assets.xcassets */ = {isa = PBXFileReference; lastKnownFileType = folder.assetcatalog; path = Assets.xcassets; sourceTree = "<group>"; };
		25F11C8C2BD01E98007D0DE6 /* Preview Assets.xcassets */ = {isa = PBXFileReference; lastKnownFileType = folder.assetcatalog; path = "Preview Assets.xcassets"; sourceTree = "<group>"; };
/* End PBXFileReference section */

/* Begin PBXFrameworksBuildPhase section */
		2505E6922B0F843E00876783 /* Frameworks */ = {
			isa = PBXFrameworksBuildPhase;
			buildActionMask = 2147483647;
			files = (
				2505E69A2B0F843E00876783 /* SwiftUI.framework in Frameworks */,
				2505E6982B0F843E00876783 /* WidgetKit.framework in Frameworks */,
			);
			runOnlyForDeploymentPostprocessing = 0;
		};
		257959CF2B04FB000033DFAB /* Frameworks */ = {
			isa = PBXFrameworksBuildPhase;
			buildActionMask = 2147483647;
			files = (
			);
			runOnlyForDeploymentPostprocessing = 0;
		};
		25F11C802BD01E97007D0DE6 /* Frameworks */ = {
			isa = PBXFrameworksBuildPhase;
			buildActionMask = 2147483647;
			files = (
			);
			runOnlyForDeploymentPostprocessing = 0;
		};
/* End PBXFrameworksBuildPhase section */

/* Begin PBXGroup section */
		2505E6962B0F843E00876783 /* Frameworks */ = {
			isa = PBXGroup;
			children = (
				2505E6972B0F843E00876783 /* WidgetKit.framework */,
				2505E6992B0F843E00876783 /* SwiftUI.framework */,
			);
			name = Frameworks;
			sourceTree = "<group>";
		};
		2505E69B2B0F843E00876783 /* TimerWidget */ = {
			isa = PBXGroup;
			children = (
				25AB92B82D25971800295255 /* Views */,
				2505E69C2B0F843E00876783 /* TimerWidgetBundle.swift */,
				2505E69E2B0F843E00876783 /* TimerWidget.swift */,
				2505E6A02B0F844000876783 /* Assets.xcassets */,
				2505E6A22B0F844000876783 /* Info.plist */,
			);
			path = TimerWidget;
			sourceTree = "<group>";
		};
		25486B1B2B9851CA002681A7 /* Classes */ = {
			isa = PBXGroup;
			children = (
				251C655E2B73779B003E4A13 /* AppData.swift */,
				2507CEB52C556BE000272430 /* NotificationController.swift */,
			);
			path = Classes;
			sourceTree = "<group>";
		};
		257959C92B04FB000033DFAB = {
			isa = PBXGroup;
			children = (
				2596A14C2EE0877E001571AD /* formulacountdown.icon */,
				25C3DA662D23190B00B24C61 /* TimerWidgetExtension.entitlements */,
				25BC66F82B6A9384006DCE8D /* LICENSE.md */,
				25BC66F72B6A9310006DCE8D /* README.md */,
				25125EFB2B14914400CA10EE /* Config.xcconfig */,
				25C06D4D2BD2AF6500A375A4 /* PrivacyInfo.xcprivacy */,
				25486B1B2B9851CA002681A7 /* Classes */,
				25C6C53D2B17793B00818265 /* Structs */,
				257959D42B04FB000033DFAB /* f1-countdown-ios */,
				2505E69B2B0F843E00876783 /* TimerWidget */,
				25F11C842BD01E97007D0DE6 /* WatchTimer Watch App */,
				2505E6962B0F843E00876783 /* Frameworks */,
				257959D32B04FB000033DFAB /* Products */,
			);
			sourceTree = "<group>";
		};
		257959D32B04FB000033DFAB /* Products */ = {
			isa = PBXGroup;
			children = (
				257959D22B04FB000033DFAB /* f1-countdown-ios.app */,
				2505E6952B0F843E00876783 /* TimerWidgetExtension.appex */,
				25F11C832BD01E97007D0DE6 /* Formula Countdown.app */,
			);
			name = Products;
			sourceTree = "<group>";
		};
		257959D42B04FB000033DFAB /* f1-countdown-ios */ = {
			isa = PBXGroup;
			children = (
				25AB92BA2D25973000295255 /* Views */,
				25104C5C2B0A51E3001FDF49 /* Info.plist */,
				2521762C2B08C4270023C9B3 /* f1-countdown-ios.entitlements */,
				257959D52B04FB000033DFAB /* f1_countdown_iosApp.swift */,
				257959D92B04FB010033DFAB /* Assets.xcassets */,
				257959DB2B04FB010033DFAB /* Preview Content */,
			);
			path = "f1-countdown-ios";
			sourceTree = "<group>";
		};
		257959DB2B04FB010033DFAB /* Preview Content */ = {
			isa = PBXGroup;
			children = (
				257959DC2B04FB010033DFAB /* Preview Assets.xcassets */,
			);
			path = "Preview Content";
			sourceTree = "<group>";
		};
		25AB92B82D25971800295255 /* Views */ = {
			isa = PBXGroup;
			children = (
				25C6C5582B177DB400818265 /* SessionInfoView.swift */,
				25B404182B10B3D7007EF384 /* MediumView.swift */,
				25B4041A2B10B660007EF384 /* LargeView.swift */,
				25B8C1502B8DFF2B009A270C /* WidgetHeaderView.swift */,
			);
			path = Views;
			sourceTree = "<group>";
		};
		25AB92B92D25972400295255 /* Views */ = {
			isa = PBXGroup;
			children = (
				25F11C872BD01E97007D0DE6 /* ContentView.swift */,
			);
			path = Views;
			sourceTree = "<group>";
		};
		25AB92BA2D25973000295255 /* Views */ = {
			isa = PBXGroup;
			children = (
				257959D72B04FB000033DFAB /* ContentView.swift */,
				25DE90782B09168A00632B61 /* NotificationButtonView.swift */,
				25BFB0312B0F68D90062E4BC /* SettingsTabView.swift */,
				25AF34602B2F98CA00E7D83A /* TimerTabView.swift */,
				25A9E4F92D92834C0037901B /* UpcomingTabCalendarView.swift */,
			);
			path = Views;
			sourceTree = "<group>";
		};
		25C6C53D2B17793B00818265 /* Structs */ = {
			isa = PBXGroup;
			children = (
				256D6C542D23D78D004BF92C /* SampleData.swift */,
				25AB92BB2D25986D00295255 /* RawAPIData.swift */,
				25AB92BF2D25989300295255 /* SeasonData.swift */,
			);
			path = Structs;
			sourceTree = "<group>";
		};
		25F11C842BD01E97007D0DE6 /* WatchTimer Watch App */ = {
			isa = PBXGroup;
			children = (
				25AB92B92D25972400295255 /* Views */,
				251DC1712BD0FFDB00D08D56 /* WatchTimer Watch App.entitlements */,
				25F11C892BD01E98007D0DE6 /* Assets.xcassets */,
				25F11C8B2BD01E98007D0DE6 /* Preview Content */,
			);
			path = "WatchTimer Watch App";
			sourceTree = "<group>";
		};
		25F11C8B2BD01E98007D0DE6 /* Preview Content */ = {
			isa = PBXGroup;
			children = (
				25F11C8C2BD01E98007D0DE6 /* Preview Assets.xcassets */,
			);
			path = "Preview Content";
			sourceTree = "<group>";
		};
/* End PBXGroup section */

/* Begin PBXNativeTarget section */
		2505E6942B0F843E00876783 /* TimerWidgetExtension */ = {
			isa = PBXNativeTarget;
			buildConfigurationList = 2505E6A92B0F844000876783 /* Build configuration list for PBXNativeTarget "TimerWidgetExtension" */;
			buildPhases = (
				2505E6912B0F843E00876783 /* Sources */,
				2505E6922B0F843E00876783 /* Frameworks */,
				2505E6932B0F843E00876783 /* Resources */,
			);
			buildRules = (
			);
			dependencies = (
			);
			name = TimerWidgetExtension;
			productName = TimerWidgetExtension;
			productReference = 2505E6952B0F843E00876783 /* TimerWidgetExtension.appex */;
			productType = "com.apple.product-type.app-extension";
		};
		257959D12B04FB000033DFAB /* f1-countdown-ios */ = {
			isa = PBXNativeTarget;
			buildConfigurationList = 257959E02B04FB010033DFAB /* Build configuration list for PBXNativeTarget "f1-countdown-ios" */;
			buildPhases = (
				257959CE2B04FB000033DFAB /* Sources */,
				257959CF2B04FB000033DFAB /* Frameworks */,
				257959D02B04FB000033DFAB /* Resources */,
				2505E6A62B0F844000876783 /* Embed Foundation Extensions */,
				25F11CA72BD01E98007D0DE6 /* Embed Watch Content */,
			);
			buildRules = (
			);
			dependencies = (
				2505E6A42B0F844000876783 /* PBXTargetDependency */,
				25F11CA52BD01E98007D0DE6 /* PBXTargetDependency */,
				25EA5F102BEBA5EC000E8C2D /* PBXTargetDependency */,
				25EA5F122BEBA5F0000E8C2D /* PBXTargetDependency */,
			);
			name = "f1-countdown-ios";
			productName = "f1-countdown-ios";
			productReference = 257959D22B04FB000033DFAB /* f1-countdown-ios.app */;
			productType = "com.apple.product-type.application";
		};
		25F11C822BD01E97007D0DE6 /* WatchTimer Watch App */ = {
			isa = PBXNativeTarget;
			buildConfigurationList = 25F11CAE2BD01E98007D0DE6 /* Build configuration list for PBXNativeTarget "WatchTimer Watch App" */;
			buildPhases = (
				25F11C7F2BD01E97007D0DE6 /* Sources */,
				25F11C802BD01E97007D0DE6 /* Frameworks */,
				25F11C812BD01E97007D0DE6 /* Resources */,
			);
			buildRules = (
			);
			dependencies = (
			);
			name = "WatchTimer Watch App";
			productName = "WatchTimer Watch App";
			productReference = 25F11C832BD01E97007D0DE6 /* Formula Countdown.app */;
			productType = "com.apple.product-type.application";
		};
/* End PBXNativeTarget section */

/* Begin PBXProject section */
		257959CA2B04FB000033DFAB /* Project object */ = {
			isa = PBXProject;
			attributes = {
				BuildIndependentTargetsInParallel = 1;
				LastSwiftUpdateCheck = 1530;
				LastUpgradeCheck = 2610;
				TargetAttributes = {
					2505E6942B0F843E00876783 = {
						CreatedOnToolsVersion = 15.0.1;
					};
					257959D12B04FB000033DFAB = {
						CreatedOnToolsVersion = 15.0.1;
					};
					25F11C822BD01E97007D0DE6 = {
						CreatedOnToolsVersion = 15.3;
					};
				};
			};
			buildConfigurationList = 257959CD2B04FB000033DFAB /* Build configuration list for PBXProject "f1-countdown-ios" */;
			compatibilityVersion = "Xcode 14.0";
			developmentRegion = en;
			hasScannedForEncodings = 0;
			knownRegions = (
				en,
				Base,
			);
			mainGroup = 257959C92B04FB000033DFAB;
			productRefGroup = 257959D32B04FB000033DFAB /* Products */;
			projectDirPath = "";
			projectRoot = "";
			targets = (
				257959D12B04FB000033DFAB /* f1-countdown-ios */,
				2505E6942B0F843E00876783 /* TimerWidgetExtension */,
				25F11C822BD01E97007D0DE6 /* WatchTimer Watch App */,
			);
		};
/* End PBXProject section */

/* Begin PBXResourcesBuildPhase section */
		2505E6932B0F843E00876783 /* Resources */ = {
			isa = PBXResourcesBuildPhase;
			buildActionMask = 2147483647;
			files = (
				2596A14F2EE0877E001571AD /* formulacountdown.icon in Resources */,
				25C06D4F2BD2AF6500A375A4 /* PrivacyInfo.xcprivacy in Resources */,
				2505E6A12B0F844000876783 /* Assets.xcassets in Resources */,
			);
			runOnlyForDeploymentPostprocessing = 0;
		};
		257959D02B04FB000033DFAB /* Resources */ = {
			isa = PBXResourcesBuildPhase;
			buildActionMask = 2147483647;
			files = (
				25C06D4E2BD2AF6500A375A4 /* PrivacyInfo.xcprivacy in Resources */,
				257959DD2B04FB010033DFAB /* Preview Assets.xcassets in Resources */,
				257959DA2B04FB010033DFAB /* Assets.xcassets in Resources */,
				2596A14E2EE0877E001571AD /* formulacountdown.icon in Resources */,
			);
			runOnlyForDeploymentPostprocessing = 0;
		};
		25F11C812BD01E97007D0DE6 /* Resources */ = {
			isa = PBXResourcesBuildPhase;
			buildActionMask = 2147483647;
			files = (
				25C06D502BD2AF6500A375A4 /* PrivacyInfo.xcprivacy in Resources */,
				25F11C8D2BD01E98007D0DE6 /* Preview Assets.xcassets in Resources */,
				25F11C8A2BD01E98007D0DE6 /* Assets.xcassets in Resources */,
				2596A14D2EE0877E001571AD /* formulacountdown.icon in Resources */,
			);
			runOnlyForDeploymentPostprocessing = 0;
		};
/* End PBXResourcesBuildPhase section */

/* Begin PBXSourcesBuildPhase section */
		2505E6912B0F843E00876783 /* Sources */ = {
			isa = PBXSourcesBuildPhase;
			buildActionMask = 2147483647;
			files = (
				25B404192B10B3D7007EF384 /* MediumView.swift in Sources */,
				2505E69D2B0F843E00876783 /* TimerWidgetBundle.swift in Sources */,
				2507CEB72C556BE000272430 /* NotificationController.swift in Sources */,
				25C6C5592B177DB400818265 /* SessionInfoView.swift in Sources */,
				25B4041B2B10B660007EF384 /* LargeView.swift in Sources */,
				25B8C1512B8DFF2B009A270C /* WidgetHeaderView.swift in Sources */,
				256D6C552D23D78D004BF92C /* SampleData.swift in Sources */,
				25AB92BD2D25986D00295255 /* RawAPIData.swift in Sources */,
				2505E69F2B0F843E00876783 /* TimerWidget.swift in Sources */,
				25AB92C12D25989300295255 /* SeasonData.swift in Sources */,
				251C65602B73779B003E4A13 /* AppData.swift in Sources */,
			);
			runOnlyForDeploymentPostprocessing = 0;
		};
		257959CE2B04FB000033DFAB /* Sources */ = {
			isa = PBXSourcesBuildPhase;
			buildActionMask = 2147483647;
			files = (
				2507CEB62C556BE000272430 /* NotificationController.swift in Sources */,
				257959D82B04FB000033DFAB /* ContentView.swift in Sources */,
				25AB92C22D25989300295255 /* SeasonData.swift in Sources */,
				25AB92BC2D25986D00295255 /* RawAPIData.swift in Sources */,
				25AF34612B2F98CA00E7D83A /* TimerTabView.swift in Sources */,
				251C655F2B73779B003E4A13 /* AppData.swift in Sources */,
				25BFB0322B0F68D90062E4BC /* SettingsTabView.swift in Sources */,
				25A9E4FA2D92834C0037901B /* UpcomingTabCalendarView.swift in Sources */,
				25DE90792B09168A00632B61 /* NotificationButtonView.swift in Sources */,
				256D6C572D23D78D004BF92C /* SampleData.swift in Sources */,
				257959D62B04FB000033DFAB /* f1_countdown_iosApp.swift in Sources */,
			);
			runOnlyForDeploymentPostprocessing = 0;
		};
		25F11C7F2BD01E97007D0DE6 /* Sources */ = {
			isa = PBXSourcesBuildPhase;
			buildActionMask = 2147483647;
			files = (
				25F11C882BD01E97007D0DE6 /* ContentView.swift in Sources */,
				256D6C562D23D78D004BF92C /* SampleData.swift in Sources */,
				25AB92C02D25989300295255 /* SeasonData.swift in Sources */,
				2507CEB82C556BE000272430 /* NotificationController.swift in Sources */,
				25F11CC72BD02105007D0DE6 /* f1_countdown_iosApp.swift in Sources */,
				25F11CB12BD01FE0007D0DE6 /* AppData.swift in Sources */,
				25AB92BE2D25986D00295255 /* RawAPIData.swift in Sources */,
			);
			runOnlyForDeploymentPostprocessing = 0;
		};
/* End PBXSourcesBuildPhase section */

/* Begin PBXTargetDependency section */
		2505E6A42B0F844000876783 /* PBXTargetDependency */ = {
			isa = PBXTargetDependency;
			target = 2505E6942B0F843E00876783 /* TimerWidgetExtension */;
			targetProxy = 2505E6A32B0F844000876783 /* PBXContainerItemProxy */;
		};
		25EA5F102BEBA5EC000E8C2D /* PBXTargetDependency */ = {
			isa = PBXTargetDependency;
			target = 2505E6942B0F843E00876783 /* TimerWidgetExtension */;
			targetProxy = 25EA5F0F2BEBA5EC000E8C2D /* PBXContainerItemProxy */;
		};
		25EA5F122BEBA5F0000E8C2D /* PBXTargetDependency */ = {
			isa = PBXTargetDependency;
			target = 25F11C822BD01E97007D0DE6 /* WatchTimer Watch App */;
			targetProxy = 25EA5F112BEBA5F0000E8C2D /* PBXContainerItemProxy */;
		};
		25F11CA52BD01E98007D0DE6 /* PBXTargetDependency */ = {
			isa = PBXTargetDependency;
			target = 25F11C822BD01E97007D0DE6 /* WatchTimer Watch App */;
			targetProxy = 25F11CA42BD01E98007D0DE6 /* PBXContainerItemProxy */;
		};
/* End PBXTargetDependency section */

/* Begin XCBuildConfiguration section */
		2505E6A72B0F844000876783 /* Debug */ = {
			isa = XCBuildConfiguration;
			baseConfigurationReference = 25125EFB2B14914400CA10EE /* Config.xcconfig */;
			buildSettings = {
				ASSETCATALOG_COMPILER_GLOBAL_ACCENT_COLOR_NAME = AccentColor;
				ASSETCATALOG_COMPILER_WIDGET_BACKGROUND_COLOR_NAME = WidgetBackground;
				CODE_SIGN_ENTITLEMENTS = TimerWidgetExtension.entitlements;
				CODE_SIGN_STYLE = Automatic;
				CURRENT_PROJECT_VERSION = "$(BUILD_NUMBER)";
				GENERATE_INFOPLIST_FILE = YES;
				INFOPLIST_FILE = TimerWidget/Info.plist;
				INFOPLIST_KEY_CFBundleDisplayName = TimerWidget;
				INFOPLIST_KEY_NSHumanReadableCopyright = "";
				IPHONEOS_DEPLOYMENT_TARGET = 18.0;
				LD_RUNPATH_SEARCH_PATHS = (
					"$(inherited)",
					"@executable_path/Frameworks",
					"@executable_path/../../Frameworks",
				);
				MARKETING_VERSION = "$(VERSION)";
				PRODUCT_BUNDLE_IDENTIFIER = "com.lassewolpmann.f1-countdown-ios.TimerWidget";
				PRODUCT_NAME = "$(TARGET_NAME)";
				SKIP_INSTALL = YES;
				SUPPORTED_PLATFORMS = "iphoneos iphonesimulator";
				SUPPORTS_MACCATALYST = NO;
				SUPPORTS_MAC_DESIGNED_FOR_IPHONE_IPAD = YES;
				SUPPORTS_XR_DESIGNED_FOR_IPHONE_IPAD = NO;
				SWIFT_EMIT_LOC_STRINGS = YES;
				SWIFT_VERSION = 5.0;
				TARGETED_DEVICE_FAMILY = "1,2";
			};
			name = Debug;
		};
		2505E6A82B0F844000876783 /* Release */ = {
			isa = XCBuildConfiguration;
			baseConfigurationReference = 25125EFB2B14914400CA10EE /* Config.xcconfig */;
			buildSettings = {
				ASSETCATALOG_COMPILER_GLOBAL_ACCENT_COLOR_NAME = AccentColor;
				ASSETCATALOG_COMPILER_WIDGET_BACKGROUND_COLOR_NAME = WidgetBackground;
				CODE_SIGN_ENTITLEMENTS = TimerWidgetExtension.entitlements;
				CODE_SIGN_STYLE = Automatic;
				CURRENT_PROJECT_VERSION = "$(BUILD_NUMBER)";
				GENERATE_INFOPLIST_FILE = YES;
				INFOPLIST_FILE = TimerWidget/Info.plist;
				INFOPLIST_KEY_CFBundleDisplayName = TimerWidget;
				INFOPLIST_KEY_NSHumanReadableCopyright = "";
				IPHONEOS_DEPLOYMENT_TARGET = 18.0;
				LD_RUNPATH_SEARCH_PATHS = (
					"$(inherited)",
					"@executable_path/Frameworks",
					"@executable_path/../../Frameworks",
				);
				MARKETING_VERSION = "$(VERSION)";
				PRODUCT_BUNDLE_IDENTIFIER = "com.lassewolpmann.f1-countdown-ios.TimerWidget";
				PRODUCT_NAME = "$(TARGET_NAME)";
				SKIP_INSTALL = YES;
				SUPPORTED_PLATFORMS = "iphoneos iphonesimulator";
				SUPPORTS_MACCATALYST = NO;
				SUPPORTS_MAC_DESIGNED_FOR_IPHONE_IPAD = YES;
				SUPPORTS_XR_DESIGNED_FOR_IPHONE_IPAD = NO;
				SWIFT_EMIT_LOC_STRINGS = YES;
				SWIFT_VERSION = 5.0;
				TARGETED_DEVICE_FAMILY = "1,2";
			};
			name = Release;
		};
		257959DE2B04FB010033DFAB /* Debug */ = {
			isa = XCBuildConfiguration;
			baseConfigurationReference = 25125EFB2B14914400CA10EE /* Config.xcconfig */;
			buildSettings = {
				ALWAYS_SEARCH_USER_PATHS = NO;
				ASSETCATALOG_COMPILER_GENERATE_SWIFT_ASSET_SYMBOL_EXTENSIONS = YES;
				CLANG_ANALYZER_NONNULL = YES;
				CLANG_ANALYZER_NUMBER_OBJECT_CONVERSION = YES_AGGRESSIVE;
				CLANG_CXX_LANGUAGE_STANDARD = "gnu++20";
				CLANG_ENABLE_MODULES = YES;
				CLANG_ENABLE_OBJC_ARC = YES;
				CLANG_ENABLE_OBJC_WEAK = YES;
				CLANG_WARN_BLOCK_CAPTURE_AUTORELEASING = YES;
				CLANG_WARN_BOOL_CONVERSION = YES;
				CLANG_WARN_COMMA = YES;
				CLANG_WARN_CONSTANT_CONVERSION = YES;
				CLANG_WARN_DEPRECATED_OBJC_IMPLEMENTATIONS = YES;
				CLANG_WARN_DIRECT_OBJC_ISA_USAGE = YES_ERROR;
				CLANG_WARN_DOCUMENTATION_COMMENTS = YES;
				CLANG_WARN_EMPTY_BODY = YES;
				CLANG_WARN_ENUM_CONVERSION = YES;
				CLANG_WARN_INFINITE_RECURSION = YES;
				CLANG_WARN_INT_CONVERSION = YES;
				CLANG_WARN_NON_LITERAL_NULL_CONVERSION = YES;
				CLANG_WARN_OBJC_IMPLICIT_RETAIN_SELF = YES;
				CLANG_WARN_OBJC_LITERAL_CONVERSION = YES;
				CLANG_WARN_OBJC_ROOT_CLASS = YES_ERROR;
				CLANG_WARN_QUOTED_INCLUDE_IN_FRAMEWORK_HEADER = YES;
				CLANG_WARN_RANGE_LOOP_ANALYSIS = YES;
				CLANG_WARN_STRICT_PROTOTYPES = YES;
				CLANG_WARN_SUSPICIOUS_MOVE = YES;
				CLANG_WARN_UNGUARDED_AVAILABILITY = YES_AGGRESSIVE;
				CLANG_WARN_UNREACHABLE_CODE = YES;
				CLANG_WARN__DUPLICATE_METHOD_MATCH = YES;
				COPY_PHASE_STRIP = NO;
				DEBUG_INFORMATION_FORMAT = dwarf;
				DEVELOPMENT_TEAM = UU6Y3A827V;
				ENABLE_STRICT_OBJC_MSGSEND = YES;
				ENABLE_TESTABILITY = YES;
				ENABLE_USER_SCRIPT_SANDBOXING = YES;
				GCC_C_LANGUAGE_STANDARD = gnu17;
				GCC_DYNAMIC_NO_PIC = NO;
				GCC_NO_COMMON_BLOCKS = YES;
				GCC_OPTIMIZATION_LEVEL = 0;
				GCC_PREPROCESSOR_DEFINITIONS = (
					"DEBUG=1",
					"$(inherited)",
				);
				GCC_WARN_64_TO_32_BIT_CONVERSION = YES;
				GCC_WARN_ABOUT_RETURN_TYPE = YES_ERROR;
				GCC_WARN_UNDECLARED_SELECTOR = YES;
				GCC_WARN_UNINITIALIZED_AUTOS = YES_AGGRESSIVE;
				GCC_WARN_UNUSED_FUNCTION = YES;
				GCC_WARN_UNUSED_VARIABLE = YES;
				IPHONEOS_DEPLOYMENT_TARGET = 17.0;
				LOCALIZATION_PREFERS_STRING_CATALOGS = YES;
				MTL_ENABLE_DEBUG_INFO = INCLUDE_SOURCE;
				MTL_FAST_MATH = YES;
				ONLY_ACTIVE_ARCH = YES;
				SDKROOT = iphoneos;
				STRING_CATALOG_GENERATE_SYMBOLS = YES;
				SWIFT_ACTIVE_COMPILATION_CONDITIONS = "DEBUG $(inherited)";
				SWIFT_OPTIMIZATION_LEVEL = "-Onone";
			};
			name = Debug;
		};
		257959DF2B04FB010033DFAB /* Release */ = {
			isa = XCBuildConfiguration;
			baseConfigurationReference = 25125EFB2B14914400CA10EE /* Config.xcconfig */;
			buildSettings = {
				ALWAYS_SEARCH_USER_PATHS = NO;
				ASSETCATALOG_COMPILER_GENERATE_SWIFT_ASSET_SYMBOL_EXTENSIONS = YES;
				CLANG_ANALYZER_NONNULL = YES;
				CLANG_ANALYZER_NUMBER_OBJECT_CONVERSION = YES_AGGRESSIVE;
				CLANG_CXX_LANGUAGE_STANDARD = "gnu++20";
				CLANG_ENABLE_MODULES = YES;
				CLANG_ENABLE_OBJC_ARC = YES;
				CLANG_ENABLE_OBJC_WEAK = YES;
				CLANG_WARN_BLOCK_CAPTURE_AUTORELEASING = YES;
				CLANG_WARN_BOOL_CONVERSION = YES;
				CLANG_WARN_COMMA = YES;
				CLANG_WARN_CONSTANT_CONVERSION = YES;
				CLANG_WARN_DEPRECATED_OBJC_IMPLEMENTATIONS = YES;
				CLANG_WARN_DIRECT_OBJC_ISA_USAGE = YES_ERROR;
				CLANG_WARN_DOCUMENTATION_COMMENTS = YES;
				CLANG_WARN_EMPTY_BODY = YES;
				CLANG_WARN_ENUM_CONVERSION = YES;
				CLANG_WARN_INFINITE_RECURSION = YES;
				CLANG_WARN_INT_CONVERSION = YES;
				CLANG_WARN_NON_LITERAL_NULL_CONVERSION = YES;
				CLANG_WARN_OBJC_IMPLICIT_RETAIN_SELF = YES;
				CLANG_WARN_OBJC_LITERAL_CONVERSION = YES;
				CLANG_WARN_OBJC_ROOT_CLASS = YES_ERROR;
				CLANG_WARN_QUOTED_INCLUDE_IN_FRAMEWORK_HEADER = YES;
				CLANG_WARN_RANGE_LOOP_ANALYSIS = YES;
				CLANG_WARN_STRICT_PROTOTYPES = YES;
				CLANG_WARN_SUSPICIOUS_MOVE = YES;
				CLANG_WARN_UNGUARDED_AVAILABILITY = YES_AGGRESSIVE;
				CLANG_WARN_UNREACHABLE_CODE = YES;
				CLANG_WARN__DUPLICATE_METHOD_MATCH = YES;
				COPY_PHASE_STRIP = NO;
				DEBUG_INFORMATION_FORMAT = "dwarf-with-dsym";
				DEVELOPMENT_TEAM = UU6Y3A827V;
				ENABLE_NS_ASSERTIONS = NO;
				ENABLE_STRICT_OBJC_MSGSEND = YES;
				ENABLE_USER_SCRIPT_SANDBOXING = YES;
				GCC_C_LANGUAGE_STANDARD = gnu17;
				GCC_NO_COMMON_BLOCKS = YES;
				GCC_WARN_64_TO_32_BIT_CONVERSION = YES;
				GCC_WARN_ABOUT_RETURN_TYPE = YES_ERROR;
				GCC_WARN_UNDECLARED_SELECTOR = YES;
				GCC_WARN_UNINITIALIZED_AUTOS = YES_AGGRESSIVE;
				GCC_WARN_UNUSED_FUNCTION = YES;
				GCC_WARN_UNUSED_VARIABLE = YES;
				IPHONEOS_DEPLOYMENT_TARGET = 17.0;
				LOCALIZATION_PREFERS_STRING_CATALOGS = YES;
				MTL_ENABLE_DEBUG_INFO = NO;
				MTL_FAST_MATH = YES;
				SDKROOT = iphoneos;
				STRING_CATALOG_GENERATE_SYMBOLS = YES;
				SWIFT_COMPILATION_MODE = wholemodule;
				VALIDATE_PRODUCT = YES;
			};
			name = Release;
		};
		257959E12B04FB010033DFAB /* Debug */ = {
			isa = XCBuildConfiguration;
			baseConfigurationReference = 25125EFB2B14914400CA10EE /* Config.xcconfig */;
			buildSettings = {
				ASSETCATALOG_COMPILER_APPICON_NAME = formulacountdown;
				ASSETCATALOG_COMPILER_GLOBAL_ACCENT_COLOR_NAME = AccentColor;
				ASSETCATALOG_COMPILER_INCLUDE_ALL_APPICON_ASSETS = YES;
				CODE_SIGN_ENTITLEMENTS = "f1-countdown-ios/f1-countdown-ios.entitlements";
				CODE_SIGN_STYLE = Automatic;
				CURRENT_PROJECT_VERSION = "$(BUILD_NUMBER)";
				DEVELOPMENT_ASSET_PATHS = "\"f1-countdown-ios/Preview Content\"";
				ENABLE_PREVIEWS = YES;
				GENERATE_INFOPLIST_FILE = YES;
				INFOPLIST_FILE = "f1-countdown-ios/Info.plist";
				INFOPLIST_KEY_CFBundleDisplayName = "Formula Countdown";
				INFOPLIST_KEY_LSApplicationCategoryType = "public.app-category.sports";
				INFOPLIST_KEY_UIApplicationSceneManifest_Generation = YES;
				INFOPLIST_KEY_UIApplicationSupportsIndirectInputEvents = YES;
				INFOPLIST_KEY_UILaunchScreen_Generation = YES;
				INFOPLIST_KEY_UISupportedInterfaceOrientations = UIInterfaceOrientationPortrait;
				INFOPLIST_KEY_UISupportedInterfaceOrientations_iPad = "UIInterfaceOrientationLandscapeLeft UIInterfaceOrientationLandscapeRight UIInterfaceOrientationPortrait UIInterfaceOrientationPortraitUpsideDown";
				IPHONEOS_DEPLOYMENT_TARGET = 18.0;
				LD_RUNPATH_SEARCH_PATHS = (
					"$(inherited)",
					"@executable_path/Frameworks",
				);
				MARKETING_VERSION = "$(VERSION)";
				PRODUCT_BUNDLE_IDENTIFIER = "com.lassewolpmann.f1-countdown-ios";
				PRODUCT_NAME = "$(TARGET_NAME)";
				SUPPORTED_PLATFORMS = "iphoneos iphonesimulator";
				SUPPORTS_MACCATALYST = NO;
				SUPPORTS_MAC_DESIGNED_FOR_IPHONE_IPAD = YES;
				SUPPORTS_XR_DESIGNED_FOR_IPHONE_IPAD = NO;
				SWIFT_EMIT_LOC_STRINGS = YES;
				SWIFT_VERSION = 5.0;
				TARGETED_DEVICE_FAMILY = "1,2";
			};
			name = Debug;
		};
		257959E22B04FB010033DFAB /* Release */ = {
			isa = XCBuildConfiguration;
			baseConfigurationReference = 25125EFB2B14914400CA10EE /* Config.xcconfig */;
			buildSettings = {
				ASSETCATALOG_COMPILER_APPICON_NAME = formulacountdown;
				ASSETCATALOG_COMPILER_GLOBAL_ACCENT_COLOR_NAME = AccentColor;
				ASSETCATALOG_COMPILER_INCLUDE_ALL_APPICON_ASSETS = YES;
				CODE_SIGN_ENTITLEMENTS = "f1-countdown-ios/f1-countdown-ios.entitlements";
				CODE_SIGN_STYLE = Automatic;
				CURRENT_PROJECT_VERSION = "$(BUILD_NUMBER)";
				DEVELOPMENT_ASSET_PATHS = "\"f1-countdown-ios/Preview Content\"";
				ENABLE_PREVIEWS = YES;
				GENERATE_INFOPLIST_FILE = YES;
				INFOPLIST_FILE = "f1-countdown-ios/Info.plist";
				INFOPLIST_KEY_CFBundleDisplayName = "Formula Countdown";
				INFOPLIST_KEY_LSApplicationCategoryType = "public.app-category.sports";
				INFOPLIST_KEY_UIApplicationSceneManifest_Generation = YES;
				INFOPLIST_KEY_UIApplicationSupportsIndirectInputEvents = YES;
				INFOPLIST_KEY_UILaunchScreen_Generation = YES;
				INFOPLIST_KEY_UISupportedInterfaceOrientations = UIInterfaceOrientationPortrait;
				INFOPLIST_KEY_UISupportedInterfaceOrientations_iPad = "UIInterfaceOrientationLandscapeLeft UIInterfaceOrientationLandscapeRight UIInterfaceOrientationPortrait UIInterfaceOrientationPortraitUpsideDown";
				IPHONEOS_DEPLOYMENT_TARGET = 18.0;
				LD_RUNPATH_SEARCH_PATHS = (
					"$(inherited)",
					"@executable_path/Frameworks",
				);
				MARKETING_VERSION = "$(VERSION)";
				PRODUCT_BUNDLE_IDENTIFIER = "com.lassewolpmann.f1-countdown-ios";
				PRODUCT_NAME = "$(TARGET_NAME)";
				SUPPORTED_PLATFORMS = "iphoneos iphonesimulator";
				SUPPORTS_MACCATALYST = NO;
				SUPPORTS_MAC_DESIGNED_FOR_IPHONE_IPAD = YES;
				SUPPORTS_XR_DESIGNED_FOR_IPHONE_IPAD = NO;
				SWIFT_EMIT_LOC_STRINGS = YES;
				SWIFT_VERSION = 5.0;
				TARGETED_DEVICE_FAMILY = "1,2";
			};
			name = Release;
		};
		25F11CA82BD01E98007D0DE6 /* Debug */ = {
			isa = XCBuildConfiguration;
			buildSettings = {
				ASSETCATALOG_COMPILER_APPICON_NAME = AppIcon;
				ASSETCATALOG_COMPILER_GLOBAL_ACCENT_COLOR_NAME = AccentColor;
				CODE_SIGN_ENTITLEMENTS = "WatchTimer Watch App/WatchTimer Watch App.entitlements";
				CODE_SIGN_IDENTITY = "Apple Development";
				CODE_SIGN_STYLE = Automatic;
				CURRENT_PROJECT_VERSION = "$(BUILD_NUMBER)";
				DEVELOPMENT_ASSET_PATHS = "\"WatchTimer Watch App/Preview Content\"";
				ENABLE_PREVIEWS = YES;
				GENERATE_INFOPLIST_FILE = YES;
				INFOPLIST_KEY_UISupportedInterfaceOrientations = "UIInterfaceOrientationPortrait UIInterfaceOrientationPortraitUpsideDown";
				INFOPLIST_KEY_WKCompanionAppBundleIdentifier = "com.lassewolpmann.f1-countdown-ios";
				INFOPLIST_KEY_WKRunsIndependentlyOfCompanionApp = YES;
				LD_RUNPATH_SEARCH_PATHS = (
					"$(inherited)",
					"@executable_path/Frameworks",
				);
				MARKETING_VERSION = "$(VERSION)";
				PRODUCT_BUNDLE_IDENTIFIER = "com.lassewolpmann.f1-countdown-ios.watchkitapp";
				PRODUCT_NAME = "Formula Countdown";
				PROVISIONING_PROFILE_SPECIFIER = "";
				SDKROOT = watchos;
				SKIP_INSTALL = YES;
				SWIFT_EMIT_LOC_STRINGS = YES;
				SWIFT_VERSION = 5.0;
				TARGETED_DEVICE_FAMILY = 4;
				WATCHOS_DEPLOYMENT_TARGET = 10.6;
			};
			name = Debug;
		};
		25F11CA92BD01E98007D0DE6 /* Release */ = {
			isa = XCBuildConfiguration;
			buildSettings = {
				ASSETCATALOG_COMPILER_APPICON_NAME = AppIcon;
				ASSETCATALOG_COMPILER_GLOBAL_ACCENT_COLOR_NAME = AccentColor;
				CODE_SIGN_ENTITLEMENTS = "WatchTimer Watch App/WatchTimer Watch App.entitlements";
				CODE_SIGN_IDENTITY = "Apple Development";
				CODE_SIGN_STYLE = Automatic;
				CURRENT_PROJECT_VERSION = "$(BUILD_NUMBER)";
				DEVELOPMENT_ASSET_PATHS = "\"WatchTimer Watch App/Preview Content\"";
				ENABLE_PREVIEWS = YES;
				GENERATE_INFOPLIST_FILE = YES;
				INFOPLIST_KEY_UISupportedInterfaceOrientations = "UIInterfaceOrientationPortrait UIInterfaceOrientationPortraitUpsideDown";
				INFOPLIST_KEY_WKCompanionAppBundleIdentifier = "com.lassewolpmann.f1-countdown-ios";
				INFOPLIST_KEY_WKRunsIndependentlyOfCompanionApp = YES;
				LD_RUNPATH_SEARCH_PATHS = (
					"$(inherited)",
					"@executable_path/Frameworks",
				);
				MARKETING_VERSION = "$(VERSION)";
				PRODUCT_BUNDLE_IDENTIFIER = "com.lassewolpmann.f1-countdown-ios.watchkitapp";
				PRODUCT_NAME = "Formula Countdown";
				PROVISIONING_PROFILE_SPECIFIER = "";
				SDKROOT = watchos;
				SKIP_INSTALL = YES;
				SWIFT_EMIT_LOC_STRINGS = YES;
				SWIFT_VERSION = 5.0;
				TARGETED_DEVICE_FAMILY = 4;
				WATCHOS_DEPLOYMENT_TARGET = 10.6;
			};
			name = Release;
		};
/* End XCBuildConfiguration section */

/* Begin XCConfigurationList section */
		2505E6A92B0F844000876783 /* Build configuration list for PBXNativeTarget "TimerWidgetExtension" */ = {
			isa = XCConfigurationList;
			buildConfigurations = (
				2505E6A72B0F844000876783 /* Debug */,
				2505E6A82B0F844000876783 /* Release */,
			);
			defaultConfigurationIsVisible = 0;
			defaultConfigurationName = Release;
		};
		257959CD2B04FB000033DFAB /* Build configuration list for PBXProject "f1-countdown-ios" */ = {
			isa = XCConfigurationList;
			buildConfigurations = (
				257959DE2B04FB010033DFAB /* Debug */,
				257959DF2B04FB010033DFAB /* Release */,
			);
			defaultConfigurationIsVisible = 0;
			defaultConfigurationName = Release;
		};
		257959E02B04FB010033DFAB /* Build configuration list for PBXNativeTarget "f1-countdown-ios" */ = {
			isa = XCConfigurationList;
			buildConfigurations = (
				257959E12B04FB010033DFAB /* Debug */,
				257959E22B04FB010033DFAB /* Release */,
			);
			defaultConfigurationIsVisible = 0;
			defaultConfigurationName = Release;
		};
		25F11CAE2BD01E98007D0DE6 /* Build configuration list for PBXNativeTarget "WatchTimer Watch App" */ = {
			isa = XCConfigurationList;
			buildConfigurations = (
				25F11CA82BD01E98007D0DE6 /* Debug */,
				25F11CA92BD01E98007D0DE6 /* Release */,
			);
			defaultConfigurationIsVisible = 0;
			defaultConfigurationName = Release;
		};
/* End XCConfigurationList section */
	};
	rootObject = 257959CA2B04FB000033DFAB /* Project object */;
}
