// !$*UTF8*$!
{
	archiveVersion = 1;
	classes = {
	};
	objectVersion = 56;
	objects = {

/* Begin PBXBuildFile section */
		2505E6982B0F843E00876783 /* WidgetKit.framework in Frameworks */ = {isa = PBXBuildFile; fileRef = 2505E6972B0F843E00876783 /* WidgetKit.framework */; };
		2505E69A2B0F843E00876783 /* SwiftUI.framework in Frameworks */ = {isa = PBXBuildFile; fileRef = 2505E6992B0F843E00876783 /* SwiftUI.framework */; };
		2505E69D2B0F843E00876783 /* TimerWidgetBundle.swift in Sources */ = {isa = PBXBuildFile; fileRef = 2505E69C2B0F843E00876783 /* TimerWidgetBundle.swift */; };
		2505E69F2B0F843E00876783 /* TimerWidget.swift in Sources */ = {isa = PBXBuildFile; fileRef = 2505E69E2B0F843E00876783 /* TimerWidget.swift */; };
		2505E6A12B0F844000876783 /* Assets.xcassets in Resources */ = {isa = PBXBuildFile; fileRef = 2505E6A02B0F844000876783 /* Assets.xcassets */; };
		2505E6A52B0F844000876783 /* TimerWidgetExtension.appex in Embed Foundation Extensions */ = {isa = PBXBuildFile; fileRef = 2505E6952B0F843E00876783 /* TimerWidgetExtension.appex */; settings = {ATTRIBUTES = (RemoveHeadersOnCopy, ); }; };
		2505E6B32B10842700876783 /* NextUpdateDate.swift in Sources */ = {isa = PBXBuildFile; fileRef = 2505E6B22B10842700876783 /* NextUpdateDate.swift */; };
		2507CEB62C556BE000272430 /* NotificationController.swift in Sources */ = {isa = PBXBuildFile; fileRef = 2507CEB52C556BE000272430 /* NotificationController.swift */; };
		2507CEB72C556BE000272430 /* NotificationController.swift in Sources */ = {isa = PBXBuildFile; fileRef = 2507CEB52C556BE000272430 /* NotificationController.swift */; };
		2507CEB82C556BE000272430 /* NotificationController.swift in Sources */ = {isa = PBXBuildFile; fileRef = 2507CEB52C556BE000272430 /* NotificationController.swift */; };
		251C655F2B73779B003E4A13 /* AppData.swift in Sources */ = {isa = PBXBuildFile; fileRef = 251C655E2B73779B003E4A13 /* AppData.swift */; };
		251C65602B73779B003E4A13 /* AppData.swift in Sources */ = {isa = PBXBuildFile; fileRef = 251C655E2B73779B003E4A13 /* AppData.swift */; };
		251DC16E2BD0FD0300D08D56 /* WeatherButton.swift in Sources */ = {isa = PBXBuildFile; fileRef = 251DC16D2BD0FD0300D08D56 /* WeatherButton.swift */; };
		251DC1702BD0FD0C00D08D56 /* InfoButton.swift in Sources */ = {isa = PBXBuildFile; fileRef = 251DC16F2BD0FD0C00D08D56 /* InfoButton.swift */; };
		2521762B2B08BEB00023C9B3 /* SessionWeather.swift in Sources */ = {isa = PBXBuildFile; fileRef = 2521762A2B08BEB00023C9B3 /* SessionWeather.swift */; };
		2528462C2C5765B00064D5FE /* SessionWeather.swift in Sources */ = {isa = PBXBuildFile; fileRef = 2528462B2C5765B00064D5FE /* SessionWeather.swift */; };
		252976912C5242E10088E35D /* CalendarRace.swift in Sources */ = {isa = PBXBuildFile; fileRef = 252976902C5242E10088E35D /* CalendarRace.swift */; };
		2534A14B2B287279003B0BE3 /* CountryFlags.swift in Sources */ = {isa = PBXBuildFile; fileRef = 2534A14A2B287279003B0BE3 /* CountryFlags.swift */; };
		2534A14C2B287279003B0BE3 /* CountryFlags.swift in Sources */ = {isa = PBXBuildFile; fileRef = 2534A14A2B287279003B0BE3 /* CountryFlags.swift */; };
		2540A4242B973F9A00684AEA /* SeriesPicker.swift in Sources */ = {isa = PBXBuildFile; fileRef = 2540A4232B973F9A00684AEA /* SeriesPicker.swift */; };
		256A0DC22C5425BD00B11D4B /* UserDefaultsController.swift in Sources */ = {isa = PBXBuildFile; fileRef = 256A0DC12C5425BD00B11D4B /* UserDefaultsController.swift */; };
		256A0DC32C5425BD00B11D4B /* UserDefaultsController.swift in Sources */ = {isa = PBXBuildFile; fileRef = 256A0DC12C5425BD00B11D4B /* UserDefaultsController.swift */; };
		256A0DC42C5425BD00B11D4B /* UserDefaultsController.swift in Sources */ = {isa = PBXBuildFile; fileRef = 256A0DC12C5425BD00B11D4B /* UserDefaultsController.swift */; };
		2571837C2B73B241003D12F9 /* DeltaValues.swift in Sources */ = {isa = PBXBuildFile; fileRef = 25BE0E472B2349E20089B5BA /* DeltaValues.swift */; };
		2571837E2B73B264003D12F9 /* RaceData.swift in Sources */ = {isa = PBXBuildFile; fileRef = 2571837D2B73B264003D12F9 /* RaceData.swift */; };
		2571837F2B73B264003D12F9 /* RaceData.swift in Sources */ = {isa = PBXBuildFile; fileRef = 2571837D2B73B264003D12F9 /* RaceData.swift */; };
		257579202B84C4FA00FC1A81 /* WeatherData.swift in Sources */ = {isa = PBXBuildFile; fileRef = 2575791F2B84C4FA00FC1A81 /* WeatherData.swift */; };
		257959D62B04FB000033DFAB /* f1_countdown_iosApp.swift in Sources */ = {isa = PBXBuildFile; fileRef = 257959D52B04FB000033DFAB /* f1_countdown_iosApp.swift */; };
		257959D82B04FB000033DFAB /* ContentView.swift in Sources */ = {isa = PBXBuildFile; fileRef = 257959D72B04FB000033DFAB /* ContentView.swift */; };
		257959DA2B04FB010033DFAB /* Assets.xcassets in Resources */ = {isa = PBXBuildFile; fileRef = 257959D92B04FB010033DFAB /* Assets.xcassets */; };
		257959DD2B04FB010033DFAB /* Preview Assets.xcassets in Resources */ = {isa = PBXBuildFile; fileRef = 257959DC2B04FB010033DFAB /* Preview Assets.xcassets */; };
		2591C4A82B8C839000F87BE9 /* NotificationTime.swift in Sources */ = {isa = PBXBuildFile; fileRef = 2591C4A72B8C839000F87BE9 /* NotificationTime.swift */; };
		25AF34612B2F98CA00E7D83A /* TimerTab.swift in Sources */ = {isa = PBXBuildFile; fileRef = 25AF34602B2F98CA00E7D83A /* TimerTab.swift */; };
		25AF34662B2F9D0200E7D83A /* Session.swift in Sources */ = {isa = PBXBuildFile; fileRef = 25AF34652B2F9D0200E7D83A /* Session.swift */; };
		25AF34682B2FA79F00E7D83A /* CalendarTab.swift in Sources */ = {isa = PBXBuildFile; fileRef = 25AF34672B2FA79F00E7D83A /* CalendarTab.swift */; };
		25B404192B10B3D7007EF384 /* Medium.swift in Sources */ = {isa = PBXBuildFile; fileRef = 25B404182B10B3D7007EF384 /* Medium.swift */; };
		25B4041B2B10B660007EF384 /* Large.swift in Sources */ = {isa = PBXBuildFile; fileRef = 25B4041A2B10B660007EF384 /* Large.swift */; };
		25B5C3EC2B6B7CA300057E4D /* RemoveNotificationsButton.swift in Sources */ = {isa = PBXBuildFile; fileRef = 25B5C3EB2B6B7CA300057E4D /* RemoveNotificationsButton.swift */; };
		25B5C3EF2B6B7CF400057E4D /* DataLicense.swift in Sources */ = {isa = PBXBuildFile; fileRef = 25B5C3EE2B6B7CF400057E4D /* DataLicense.swift */; };
		25B5C3F12B6B7CFA00057E4D /* AppLicense.swift in Sources */ = {isa = PBXBuildFile; fileRef = 25B5C3F02B6B7CFA00057E4D /* AppLicense.swift */; };
		25B5C3F42B6B7D4300057E4D /* SettingsFooter.swift in Sources */ = {isa = PBXBuildFile; fileRef = 25B5C3F32B6B7D4300057E4D /* SettingsFooter.swift */; };
		25B8C1512B8DFF2B009A270C /* WidgetHeader.swift in Sources */ = {isa = PBXBuildFile; fileRef = 25B8C1502B8DFF2B009A270C /* WidgetHeader.swift */; };
		25BE0E482B2349E20089B5BA /* DeltaValues.swift in Sources */ = {isa = PBXBuildFile; fileRef = 25BE0E472B2349E20089B5BA /* DeltaValues.swift */; };
		25BFB0322B0F68D90062E4BC /* SettingsTab.swift in Sources */ = {isa = PBXBuildFile; fileRef = 25BFB0312B0F68D90062E4BC /* SettingsTab.swift */; };
		25C06D4E2BD2AF6500A375A4 /* PrivacyInfo.xcprivacy in Resources */ = {isa = PBXBuildFile; fileRef = 25C06D4D2BD2AF6500A375A4 /* PrivacyInfo.xcprivacy */; };
		25C06D4F2BD2AF6500A375A4 /* PrivacyInfo.xcprivacy in Resources */ = {isa = PBXBuildFile; fileRef = 25C06D4D2BD2AF6500A375A4 /* PrivacyInfo.xcprivacy */; };
		25C06D502BD2AF6500A375A4 /* PrivacyInfo.xcprivacy in Resources */ = {isa = PBXBuildFile; fileRef = 25C06D4D2BD2AF6500A375A4 /* PrivacyInfo.xcprivacy */; };
		25C6C5592B177DB400818265 /* SessionInfo.swift in Sources */ = {isa = PBXBuildFile; fileRef = 25C6C5582B177DB400818265 /* SessionInfo.swift */; };
		25D5AF512BEDED1600B6F656 /* WeatherElement.swift in Sources */ = {isa = PBXBuildFile; fileRef = 25F1D8722B853A53007D360F /* WeatherElement.swift */; };
		25DA1FB42B70C659008615FD /* TrademarkNotice.swift in Sources */ = {isa = PBXBuildFile; fileRef = 25DA1FB32B70C659008615FD /* TrademarkNotice.swift */; };
		25DE90792B09168A00632B61 /* NotificationButton.swift in Sources */ = {isa = PBXBuildFile; fileRef = 25DE90782B09168A00632B61 /* NotificationButton.swift */; };
		25EDC7952B054D320094DBBA /* TimerElement.swift in Sources */ = {isa = PBXBuildFile; fileRef = 25EDC7942B054D320094DBBA /* TimerElement.swift */; };
		25F11C882BD01E97007D0DE6 /* ContentView.swift in Sources */ = {isa = PBXBuildFile; fileRef = 25F11C872BD01E97007D0DE6 /* ContentView.swift */; };
		25F11C8A2BD01E98007D0DE6 /* Assets.xcassets in Resources */ = {isa = PBXBuildFile; fileRef = 25F11C892BD01E98007D0DE6 /* Assets.xcassets */; };
		25F11C8D2BD01E98007D0DE6 /* Preview Assets.xcassets in Resources */ = {isa = PBXBuildFile; fileRef = 25F11C8C2BD01E98007D0DE6 /* Preview Assets.xcassets */; };
		25F11CA62BD01E98007D0DE6 /* Formula Countdown.app in Embed Watch Content */ = {isa = PBXBuildFile; fileRef = 25F11C832BD01E97007D0DE6 /* Formula Countdown.app */; settings = {ATTRIBUTES = (RemoveHeadersOnCopy, ); }; };
		25F11CB12BD01FE0007D0DE6 /* AppData.swift in Sources */ = {isa = PBXBuildFile; fileRef = 251C655E2B73779B003E4A13 /* AppData.swift */; };
		25F11CB22BD02045007D0DE6 /* RaceData.swift in Sources */ = {isa = PBXBuildFile; fileRef = 2571837D2B73B264003D12F9 /* RaceData.swift */; };
		25F11CB32BD02049007D0DE6 /* DeltaValues.swift in Sources */ = {isa = PBXBuildFile; fileRef = 25BE0E472B2349E20089B5BA /* DeltaValues.swift */; };
		25F11CB42BD0204B007D0DE6 /* CountryFlags.swift in Sources */ = {isa = PBXBuildFile; fileRef = 2534A14A2B287279003B0BE3 /* CountryFlags.swift */; };
		25F11CB52BD0204F007D0DE6 /* WeatherData.swift in Sources */ = {isa = PBXBuildFile; fileRef = 2575791F2B84C4FA00FC1A81 /* WeatherData.swift */; };
		25F11CB62BD02050007D0DE6 /* WeatherData.swift in Sources */ = {isa = PBXBuildFile; fileRef = 2575791F2B84C4FA00FC1A81 /* WeatherData.swift */; };
		25F11CC72BD02105007D0DE6 /* f1_countdown_iosApp.swift in Sources */ = {isa = PBXBuildFile; fileRef = 257959D52B04FB000033DFAB /* f1_countdown_iosApp.swift */; };
		25F11CCD2BD031D7007D0DE6 /* Session.swift in Sources */ = {isa = PBXBuildFile; fileRef = 25F11CCC2BD031D7007D0DE6 /* Session.swift */; };
		25F11CCF2BD03361007D0DE6 /* TimerCircle.swift in Sources */ = {isa = PBXBuildFile; fileRef = 25F11CCE2BD03361007D0DE6 /* TimerCircle.swift */; };
		25F1D8732B853A53007D360F /* WeatherElement.swift in Sources */ = {isa = PBXBuildFile; fileRef = 25F1D8722B853A53007D360F /* WeatherElement.swift */; };
		25FA35FA2BCEE5760044B586 /* WeatherLicense.swift in Sources */ = {isa = PBXBuildFile; fileRef = 25FA35F92BCEE5760044B586 /* WeatherLicense.swift */; };
/* End PBXBuildFile section */

/* Begin PBXContainerItemProxy section */
		2505E6A32B0F844000876783 /* PBXContainerItemProxy */ = {
			isa = PBXContainerItemProxy;
			containerPortal = 257959CA2B04FB000033DFAB /* Project object */;
			proxyType = 1;
			remoteGlobalIDString = 2505E6942B0F843E00876783;
			remoteInfo = TimerWidgetExtension;
		};
		25EA5F0F2BEBA5EC000E8C2D /* PBXContainerItemProxy */ = {
			isa = PBXContainerItemProxy;
			containerPortal = 257959CA2B04FB000033DFAB /* Project object */;
			proxyType = 1;
			remoteGlobalIDString = 2505E6942B0F843E00876783;
			remoteInfo = TimerWidgetExtension;
		};
		25EA5F112BEBA5F0000E8C2D /* PBXContainerItemProxy */ = {
			isa = PBXContainerItemProxy;
			containerPortal = 257959CA2B04FB000033DFAB /* Project object */;
			proxyType = 1;
			remoteGlobalIDString = 25F11C822BD01E97007D0DE6;
			remoteInfo = "WatchTimer Watch App";
		};
		25F11CA42BD01E98007D0DE6 /* PBXContainerItemProxy */ = {
			isa = PBXContainerItemProxy;
			containerPortal = 257959CA2B04FB000033DFAB /* Project object */;
			proxyType = 1;
			remoteGlobalIDString = 25F11C822BD01E97007D0DE6;
			remoteInfo = "WatchTimer Watch App";
		};
/* End PBXContainerItemProxy section */

/* Begin PBXCopyFilesBuildPhase section */
		2505E6A62B0F844000876783 /* Embed Foundation Extensions */ = {
			isa = PBXCopyFilesBuildPhase;
			buildActionMask = 2147483647;
			dstPath = "";
			dstSubfolderSpec = 13;
			files = (
				2505E6A52B0F844000876783 /* TimerWidgetExtension.appex in Embed Foundation Extensions */,
			);
			name = "Embed Foundation Extensions";
			runOnlyForDeploymentPostprocessing = 0;
		};
		25F11CA72BD01E98007D0DE6 /* Embed Watch Content */ = {
			isa = PBXCopyFilesBuildPhase;
			buildActionMask = 2147483647;
			dstPath = "$(CONTENTS_FOLDER_PATH)/Watch";
			dstSubfolderSpec = 16;
			files = (
				25F11CA62BD01E98007D0DE6 /* Formula Countdown.app in Embed Watch Content */,
			);
			name = "Embed Watch Content";
			runOnlyForDeploymentPostprocessing = 0;
		};
/* End PBXCopyFilesBuildPhase section */

/* Begin PBXFileReference section */
		2505E6952B0F843E00876783 /* TimerWidgetExtension.appex */ = {isa = PBXFileReference; explicitFileType = "wrapper.app-extension"; includeInIndex = 0; path = TimerWidgetExtension.appex; sourceTree = BUILT_PRODUCTS_DIR; };
		2505E6972B0F843E00876783 /* WidgetKit.framework */ = {isa = PBXFileReference; lastKnownFileType = wrapper.framework; name = WidgetKit.framework; path = System/Library/Frameworks/WidgetKit.framework; sourceTree = SDKROOT; };
		2505E6992B0F843E00876783 /* SwiftUI.framework */ = {isa = PBXFileReference; lastKnownFileType = wrapper.framework; name = SwiftUI.framework; path = System/Library/Frameworks/SwiftUI.framework; sourceTree = SDKROOT; };
		2505E69C2B0F843E00876783 /* TimerWidgetBundle.swift */ = {isa = PBXFileReference; lastKnownFileType = sourcecode.swift; path = TimerWidgetBundle.swift; sourceTree = "<group>"; };
		2505E69E2B0F843E00876783 /* TimerWidget.swift */ = {isa = PBXFileReference; lastKnownFileType = sourcecode.swift; path = TimerWidget.swift; sourceTree = "<group>"; };
		2505E6A02B0F844000876783 /* Assets.xcassets */ = {isa = PBXFileReference; lastKnownFileType = folder.assetcatalog; path = Assets.xcassets; sourceTree = "<group>"; };
		2505E6A22B0F844000876783 /* Info.plist */ = {isa = PBXFileReference; lastKnownFileType = text.plist.xml; path = Info.plist; sourceTree = "<group>"; };
		2505E6B22B10842700876783 /* NextUpdateDate.swift */ = {isa = PBXFileReference; lastKnownFileType = sourcecode.swift; path = NextUpdateDate.swift; sourceTree = "<group>"; };
		2507CEB52C556BE000272430 /* NotificationController.swift */ = {isa = PBXFileReference; fileEncoding = 4; lastKnownFileType = sourcecode.swift; path = NotificationController.swift; sourceTree = "<group>"; };
		25104C5C2B0A51E3001FDF49 /* Info.plist */ = {isa = PBXFileReference; lastKnownFileType = text.plist; path = Info.plist; sourceTree = "<group>"; };
		25125EFB2B14914400CA10EE /* Config.xcconfig */ = {isa = PBXFileReference; lastKnownFileType = text.xcconfig; path = Config.xcconfig; sourceTree = "<group>"; };
		251C655E2B73779B003E4A13 /* AppData.swift */ = {isa = PBXFileReference; lastKnownFileType = sourcecode.swift; path = AppData.swift; sourceTree = "<group>"; };
		251DC16D2BD0FD0300D08D56 /* WeatherButton.swift */ = {isa = PBXFileReference; lastKnownFileType = sourcecode.swift; path = WeatherButton.swift; sourceTree = "<group>"; };
		251DC16F2BD0FD0C00D08D56 /* InfoButton.swift */ = {isa = PBXFileReference; lastKnownFileType = sourcecode.swift; path = InfoButton.swift; sourceTree = "<group>"; };
		251DC1712BD0FFDB00D08D56 /* WatchTimer Watch App.entitlements */ = {isa = PBXFileReference; lastKnownFileType = text.plist.entitlements; path = "WatchTimer Watch App.entitlements"; sourceTree = "<group>"; };
		2521762A2B08BEB00023C9B3 /* SessionWeather.swift */ = {isa = PBXFileReference; lastKnownFileType = sourcecode.swift; path = SessionWeather.swift; sourceTree = "<group>"; };
		2521762C2B08C4270023C9B3 /* f1-countdown-ios.entitlements */ = {isa = PBXFileReference; lastKnownFileType = text.plist.entitlements; path = "f1-countdown-ios.entitlements"; sourceTree = "<group>"; };
		2528462B2C5765B00064D5FE /* SessionWeather.swift */ = {isa = PBXFileReference; lastKnownFileType = sourcecode.swift; path = SessionWeather.swift; sourceTree = "<group>"; };
		252976902C5242E10088E35D /* CalendarRace.swift */ = {isa = PBXFileReference; lastKnownFileType = sourcecode.swift; path = CalendarRace.swift; sourceTree = "<group>"; };
		2534A14A2B287279003B0BE3 /* CountryFlags.swift */ = {isa = PBXFileReference; lastKnownFileType = sourcecode.swift; path = CountryFlags.swift; sourceTree = "<group>"; };
		2540A4232B973F9A00684AEA /* SeriesPicker.swift */ = {isa = PBXFileReference; lastKnownFileType = sourcecode.swift; path = SeriesPicker.swift; sourceTree = "<group>"; };
		256A0DC12C5425BD00B11D4B /* UserDefaultsController.swift */ = {isa = PBXFileReference; lastKnownFileType = sourcecode.swift; path = UserDefaultsController.swift; sourceTree = "<group>"; };
		2571837D2B73B264003D12F9 /* RaceData.swift */ = {isa = PBXFileReference; lastKnownFileType = sourcecode.swift; path = RaceData.swift; sourceTree = "<group>"; };
		2575791F2B84C4FA00FC1A81 /* WeatherData.swift */ = {isa = PBXFileReference; lastKnownFileType = sourcecode.swift; path = WeatherData.swift; sourceTree = "<group>"; };
		257959D22B04FB000033DFAB /* f1-countdown-ios.app */ = {isa = PBXFileReference; explicitFileType = wrapper.application; includeInIndex = 0; path = "f1-countdown-ios.app"; sourceTree = BUILT_PRODUCTS_DIR; };
		257959D52B04FB000033DFAB /* f1_countdown_iosApp.swift */ = {isa = PBXFileReference; lastKnownFileType = sourcecode.swift; path = f1_countdown_iosApp.swift; sourceTree = "<group>"; };
		257959D72B04FB000033DFAB /* ContentView.swift */ = {isa = PBXFileReference; lastKnownFileType = sourcecode.swift; path = ContentView.swift; sourceTree = "<group>"; };
		257959D92B04FB010033DFAB /* Assets.xcassets */ = {isa = PBXFileReference; lastKnownFileType = folder.assetcatalog; path = Assets.xcassets; sourceTree = "<group>"; };
		257959DC2B04FB010033DFAB /* Preview Assets.xcassets */ = {isa = PBXFileReference; lastKnownFileType = folder.assetcatalog; path = "Preview Assets.xcassets"; sourceTree = "<group>"; };
		2591C4A72B8C839000F87BE9 /* NotificationTime.swift */ = {isa = PBXFileReference; lastKnownFileType = sourcecode.swift; path = NotificationTime.swift; sourceTree = "<group>"; };
		25AF34602B2F98CA00E7D83A /* TimerTab.swift */ = {isa = PBXFileReference; lastKnownFileType = sourcecode.swift; path = TimerTab.swift; sourceTree = "<group>"; };
		25AF34652B2F9D0200E7D83A /* Session.swift */ = {isa = PBXFileReference; lastKnownFileType = sourcecode.swift; path = Session.swift; sourceTree = "<group>"; };
		25AF34672B2FA79F00E7D83A /* CalendarTab.swift */ = {isa = PBXFileReference; lastKnownFileType = sourcecode.swift; path = CalendarTab.swift; sourceTree = "<group>"; };
		25B404182B10B3D7007EF384 /* Medium.swift */ = {isa = PBXFileReference; lastKnownFileType = sourcecode.swift; path = Medium.swift; sourceTree = "<group>"; };
		25B4041A2B10B660007EF384 /* Large.swift */ = {isa = PBXFileReference; lastKnownFileType = sourcecode.swift; path = Large.swift; sourceTree = "<group>"; };
		25B5C3EB2B6B7CA300057E4D /* RemoveNotificationsButton.swift */ = {isa = PBXFileReference; lastKnownFileType = sourcecode.swift; path = RemoveNotificationsButton.swift; sourceTree = "<group>"; };
		25B5C3EE2B6B7CF400057E4D /* DataLicense.swift */ = {isa = PBXFileReference; lastKnownFileType = sourcecode.swift; path = DataLicense.swift; sourceTree = "<group>"; };
		25B5C3F02B6B7CFA00057E4D /* AppLicense.swift */ = {isa = PBXFileReference; lastKnownFileType = sourcecode.swift; path = AppLicense.swift; sourceTree = "<group>"; };
		25B5C3F32B6B7D4300057E4D /* SettingsFooter.swift */ = {isa = PBXFileReference; lastKnownFileType = sourcecode.swift; path = SettingsFooter.swift; sourceTree = "<group>"; };
		25B8C1502B8DFF2B009A270C /* WidgetHeader.swift */ = {isa = PBXFileReference; lastKnownFileType = sourcecode.swift; path = WidgetHeader.swift; sourceTree = "<group>"; };
		25BC66F72B6A9310006DCE8D /* README.md */ = {isa = PBXFileReference; lastKnownFileType = net.daringfireball.markdown; path = README.md; sourceTree = "<group>"; };
		25BC66F82B6A9384006DCE8D /* LICENSE.md */ = {isa = PBXFileReference; lastKnownFileType = net.daringfireball.markdown; path = LICENSE.md; sourceTree = "<group>"; };
		25BE0E472B2349E20089B5BA /* DeltaValues.swift */ = {isa = PBXFileReference; lastKnownFileType = sourcecode.swift; path = DeltaValues.swift; sourceTree = "<group>"; };
		25BFB0312B0F68D90062E4BC /* SettingsTab.swift */ = {isa = PBXFileReference; lastKnownFileType = sourcecode.swift; path = SettingsTab.swift; sourceTree = "<group>"; };
		25C06D4D2BD2AF6500A375A4 /* PrivacyInfo.xcprivacy */ = {isa = PBXFileReference; lastKnownFileType = text.xml; path = PrivacyInfo.xcprivacy; sourceTree = "<group>"; };
		25C6C5582B177DB400818265 /* SessionInfo.swift */ = {isa = PBXFileReference; lastKnownFileType = sourcecode.swift; path = SessionInfo.swift; sourceTree = "<group>"; };
		25DA1FB32B70C659008615FD /* TrademarkNotice.swift */ = {isa = PBXFileReference; lastKnownFileType = sourcecode.swift; path = TrademarkNotice.swift; sourceTree = "<group>"; };
		25DE90782B09168A00632B61 /* NotificationButton.swift */ = {isa = PBXFileReference; lastKnownFileType = sourcecode.swift; path = NotificationButton.swift; sourceTree = "<group>"; };
		25EDC7942B054D320094DBBA /* TimerElement.swift */ = {isa = PBXFileReference; lastKnownFileType = sourcecode.swift; path = TimerElement.swift; sourceTree = "<group>"; };
		25F11C832BD01E97007D0DE6 /* Formula Countdown.app */ = {isa = PBXFileReference; explicitFileType = wrapper.application; includeInIndex = 0; path = "Formula Countdown.app"; sourceTree = BUILT_PRODUCTS_DIR; };
		25F11C872BD01E97007D0DE6 /* ContentView.swift */ = {isa = PBXFileReference; lastKnownFileType = sourcecode.swift; path = ContentView.swift; sourceTree = "<group>"; };
		25F11C892BD01E98007D0DE6 /* Assets.xcassets */ = {isa = PBXFileReference; lastKnownFileType = folder.assetcatalog; path = Assets.xcassets; sourceTree = "<group>"; };
		25F11C8C2BD01E98007D0DE6 /* Preview Assets.xcassets */ = {isa = PBXFileReference; lastKnownFileType = folder.assetcatalog; path = "Preview Assets.xcassets"; sourceTree = "<group>"; };
		25F11CCC2BD031D7007D0DE6 /* Session.swift */ = {isa = PBXFileReference; lastKnownFileType = sourcecode.swift; path = Session.swift; sourceTree = "<group>"; };
		25F11CCE2BD03361007D0DE6 /* TimerCircle.swift */ = {isa = PBXFileReference; lastKnownFileType = sourcecode.swift; path = TimerCircle.swift; sourceTree = "<group>"; };
		25F1D8722B853A53007D360F /* WeatherElement.swift */ = {isa = PBXFileReference; lastKnownFileType = sourcecode.swift; path = WeatherElement.swift; sourceTree = "<group>"; };
		25FA35F92BCEE5760044B586 /* WeatherLicense.swift */ = {isa = PBXFileReference; lastKnownFileType = sourcecode.swift; path = WeatherLicense.swift; sourceTree = "<group>"; };
/* End PBXFileReference section */

/* Begin PBXFrameworksBuildPhase section */
		2505E6922B0F843E00876783 /* Frameworks */ = {
			isa = PBXFrameworksBuildPhase;
			buildActionMask = 2147483647;
			files = (
				2505E69A2B0F843E00876783 /* SwiftUI.framework in Frameworks */,
				2505E6982B0F843E00876783 /* WidgetKit.framework in Frameworks */,
			);
			runOnlyForDeploymentPostprocessing = 0;
		};
		257959CF2B04FB000033DFAB /* Frameworks */ = {
			isa = PBXFrameworksBuildPhase;
			buildActionMask = 2147483647;
			files = (
			);
			runOnlyForDeploymentPostprocessing = 0;
		};
		25F11C802BD01E97007D0DE6 /* Frameworks */ = {
			isa = PBXFrameworksBuildPhase;
			buildActionMask = 2147483647;
			files = (
			);
			runOnlyForDeploymentPostprocessing = 0;
		};
/* End PBXFrameworksBuildPhase section */

/* Begin PBXGroup section */
		250087082B21FFB20014AF27 /* Settings */ = {
			isa = PBXGroup;
			children = (
				2540A4222B973F8F00684AEA /* Series */,
				25B5C3F22B6B7D3C00057E4D /* Footer */,
				25B5C3ED2B6B7CD400057E4D /* Legal */,
				25B5C3EA2B6B7C9300057E4D /* Notifications */,
				25BFB0312B0F68D90062E4BC /* SettingsTab.swift */,
			);
			path = Settings;
			sourceTree = "<group>";
		};
		2505E6962B0F843E00876783 /* Frameworks */ = {
			isa = PBXGroup;
			children = (
				2505E6972B0F843E00876783 /* WidgetKit.framework */,
				2505E6992B0F843E00876783 /* SwiftUI.framework */,
			);
			name = Frameworks;
			sourceTree = "<group>";
		};
		2505E69B2B0F843E00876783 /* TimerWidget */ = {
			isa = PBXGroup;
			children = (
				25C6C5572B177D7700818265 /* Components */,
				25B404172B10B391007EF384 /* WidgetViews */,
				2505E6B12B10840C00876783 /* Helpers */,
				2505E69C2B0F843E00876783 /* TimerWidgetBundle.swift */,
				2505E69E2B0F843E00876783 /* TimerWidget.swift */,
				2505E6A02B0F844000876783 /* Assets.xcassets */,
				2505E6A22B0F844000876783 /* Info.plist */,
			);
			path = TimerWidget;
			sourceTree = "<group>";
		};
		2505E6B12B10840C00876783 /* Helpers */ = {
			isa = PBXGroup;
			children = (
				2505E6B22B10842700876783 /* NextUpdateDate.swift */,
			);
			path = Helpers;
			sourceTree = "<group>";
		};
		251C655D2B737721003E4A13 /* Weather */ = {
			isa = PBXGroup;
			children = (
				2521762A2B08BEB00023C9B3 /* SessionWeather.swift */,
				25F1D8722B853A53007D360F /* WeatherElement.swift */,
			);
			path = Weather;
			sourceTree = "<group>";
		};
		251DC16C2BD0FCFA00D08D56 /* Buttons */ = {
			isa = PBXGroup;
			children = (
				251DC16D2BD0FD0300D08D56 /* WeatherButton.swift */,
				251DC16F2BD0FD0C00D08D56 /* InfoButton.swift */,
			);
			path = Buttons;
			sourceTree = "<group>";
		};
		2540A4222B973F8F00684AEA /* Series */ = {
			isa = PBXGroup;
			children = (
				2540A4232B973F9A00684AEA /* SeriesPicker.swift */,
			);
			path = Series;
			sourceTree = "<group>";
		};
		25486B1B2B9851CA002681A7 /* Classes */ = {
			isa = PBXGroup;
			children = (
				251C655E2B73779B003E4A13 /* AppData.swift */,
				2507CEB52C556BE000272430 /* NotificationController.swift */,
				256A0DC12C5425BD00B11D4B /* UserDefaultsController.swift */,
				2575791F2B84C4FA00FC1A81 /* WeatherData.swift */,
			);
			path = Classes;
			sourceTree = "<group>";
		};
		257959C92B04FB000033DFAB = {
			isa = PBXGroup;
			children = (
				25C06D4D2BD2AF6500A375A4 /* PrivacyInfo.xcprivacy */,
				25BC66F82B6A9384006DCE8D /* LICENSE.md */,
				25BC66F72B6A9310006DCE8D /* README.md */,
				25125EFB2B14914400CA10EE /* Config.xcconfig */,
				25486B1B2B9851CA002681A7 /* Classes */,
				25C6C53D2B17793B00818265 /* Structs */,
				257959D42B04FB000033DFAB /* f1-countdown-ios */,
				2505E69B2B0F843E00876783 /* TimerWidget */,
				25F11C842BD01E97007D0DE6 /* WatchTimer Watch App */,
				2505E6962B0F843E00876783 /* Frameworks */,
				257959D32B04FB000033DFAB /* Products */,
			);
			sourceTree = "<group>";
		};
		257959D32B04FB000033DFAB /* Products */ = {
			isa = PBXGroup;
			children = (
				257959D22B04FB000033DFAB /* f1-countdown-ios.app */,
				2505E6952B0F843E00876783 /* TimerWidgetExtension.appex */,
				25F11C832BD01E97007D0DE6 /* Formula Countdown.app */,
			);
			name = Products;
			sourceTree = "<group>";
		};
		257959D42B04FB000033DFAB /* f1-countdown-ios */ = {
			isa = PBXGroup;
			children = (
				25104C5C2B0A51E3001FDF49 /* Info.plist */,
				2521762C2B08C4270023C9B3 /* f1-countdown-ios.entitlements */,
				257959E32B04FB410033DFAB /* Components */,
				257959D52B04FB000033DFAB /* f1_countdown_iosApp.swift */,
				257959D72B04FB000033DFAB /* ContentView.swift */,
				257959D92B04FB010033DFAB /* Assets.xcassets */,
				257959DB2B04FB010033DFAB /* Preview Content */,
			);
			path = "f1-countdown-ios";
			sourceTree = "<group>";
		};
		257959DB2B04FB010033DFAB /* Preview Content */ = {
			isa = PBXGroup;
			children = (
				257959DC2B04FB010033DFAB /* Preview Assets.xcassets */,
			);
			path = "Preview Content";
			sourceTree = "<group>";
		};
		257959E32B04FB410033DFAB /* Components */ = {
			isa = PBXGroup;
			children = (
				25AF345D2B2F985100E7D83A /* Timer */,
				25E3018D2B0A1144008CC1BE /* Calendar */,
				250087082B21FFB20014AF27 /* Settings */,
			);
			path = Components;
			sourceTree = "<group>";
		};
		25AF345D2B2F985100E7D83A /* Timer */ = {
			isa = PBXGroup;
			children = (
				25AF34622B2F99BA00E7D83A /* Session */,
				25AF34602B2F98CA00E7D83A /* TimerTab.swift */,
			);
			path = Timer;
			sourceTree = "<group>";
		};
		25AF34622B2F99BA00E7D83A /* Session */ = {
			isa = PBXGroup;
			children = (
				25AF34692B2FA9AE00E7D83A /* Timer */,
				251C655D2B737721003E4A13 /* Weather */,
				25DE90782B09168A00632B61 /* NotificationButton.swift */,
				25AF34652B2F9D0200E7D83A /* Session.swift */,
			);
			path = Session;
			sourceTree = "<group>";
		};
		25AF34692B2FA9AE00E7D83A /* Timer */ = {
			isa = PBXGroup;
			children = (
				25EDC7942B054D320094DBBA /* TimerElement.swift */,
			);
			path = Timer;
			sourceTree = "<group>";
		};
		25B404172B10B391007EF384 /* WidgetViews */ = {
			isa = PBXGroup;
			children = (
				25B404182B10B3D7007EF384 /* Medium.swift */,
				25B4041A2B10B660007EF384 /* Large.swift */,
			);
			path = WidgetViews;
			sourceTree = "<group>";
		};
		25B5C3EA2B6B7C9300057E4D /* Notifications */ = {
			isa = PBXGroup;
			children = (
				25B5C3EB2B6B7CA300057E4D /* RemoveNotificationsButton.swift */,
				2591C4A72B8C839000F87BE9 /* NotificationTime.swift */,
			);
			path = Notifications;
			sourceTree = "<group>";
		};
		25B5C3ED2B6B7CD400057E4D /* Legal */ = {
			isa = PBXGroup;
			children = (
				25B5C3EE2B6B7CF400057E4D /* DataLicense.swift */,
				25B5C3F02B6B7CFA00057E4D /* AppLicense.swift */,
				25DA1FB32B70C659008615FD /* TrademarkNotice.swift */,
				25FA35F92BCEE5760044B586 /* WeatherLicense.swift */,
			);
			path = Legal;
			sourceTree = "<group>";
		};
		25B5C3F22B6B7D3C00057E4D /* Footer */ = {
			isa = PBXGroup;
			children = (
				25B5C3F32B6B7D4300057E4D /* SettingsFooter.swift */,
			);
			path = Footer;
			sourceTree = "<group>";
		};
		25C6C53D2B17793B00818265 /* Structs */ = {
			isa = PBXGroup;
			children = (
				2534A14A2B287279003B0BE3 /* CountryFlags.swift */,
				25BE0E472B2349E20089B5BA /* DeltaValues.swift */,
				2571837D2B73B264003D12F9 /* RaceData.swift */,
			);
			path = Structs;
			sourceTree = "<group>";
		};
		25C6C5572B177D7700818265 /* Components */ = {
			isa = PBXGroup;
			children = (
				25C6C5582B177DB400818265 /* SessionInfo.swift */,
				25B8C1502B8DFF2B009A270C /* WidgetHeader.swift */,
			);
			path = Components;
			sourceTree = "<group>";
		};
		25E3018D2B0A1144008CC1BE /* Calendar */ = {
			isa = PBXGroup;
			children = (
				25AF34672B2FA79F00E7D83A /* CalendarTab.swift */,
				252976902C5242E10088E35D /* CalendarRace.swift */,
			);
			path = Calendar;
			sourceTree = "<group>";
		};
		25F11C842BD01E97007D0DE6 /* WatchTimer Watch App */ = {
			isa = PBXGroup;
			children = (
				251DC1712BD0FFDB00D08D56 /* WatchTimer Watch App.entitlements */,
				25F11CCB2BD031BE007D0DE6 /* Components */,
				25F11C872BD01E97007D0DE6 /* ContentView.swift */,
				25F11C892BD01E98007D0DE6 /* Assets.xcassets */,
				25F11C8B2BD01E98007D0DE6 /* Preview Content */,
			);
			path = "WatchTimer Watch App";
			sourceTree = "<group>";
		};
		25F11C8B2BD01E98007D0DE6 /* Preview Content */ = {
			isa = PBXGroup;
			children = (
				25F11C8C2BD01E98007D0DE6 /* Preview Assets.xcassets */,
			);
			path = "Preview Content";
			sourceTree = "<group>";
		};
		25F11CCB2BD031BE007D0DE6 /* Components */ = {
			isa = PBXGroup;
			children = (
				251DC16C2BD0FCFA00D08D56 /* Buttons */,
				25F11CCC2BD031D7007D0DE6 /* Session.swift */,
				25F11CCE2BD03361007D0DE6 /* TimerCircle.swift */,
				2528462B2C5765B00064D5FE /* SessionWeather.swift */,
			);
			path = Components;
			sourceTree = "<group>";
		};
/* End PBXGroup section */

/* Begin PBXNativeTarget section */
		2505E6942B0F843E00876783 /* TimerWidgetExtension */ = {
			isa = PBXNativeTarget;
			buildConfigurationList = 2505E6A92B0F844000876783 /* Build configuration list for PBXNativeTarget "TimerWidgetExtension" */;
			buildPhases = (
				2505E6912B0F843E00876783 /* Sources */,
				2505E6922B0F843E00876783 /* Frameworks */,
				2505E6932B0F843E00876783 /* Resources */,
			);
			buildRules = (
			);
			dependencies = (
			);
			name = TimerWidgetExtension;
			productName = TimerWidgetExtension;
			productReference = 2505E6952B0F843E00876783 /* TimerWidgetExtension.appex */;
			productType = "com.apple.product-type.app-extension";
		};
		257959D12B04FB000033DFAB /* f1-countdown-ios */ = {
			isa = PBXNativeTarget;
			buildConfigurationList = 257959E02B04FB010033DFAB /* Build configuration list for PBXNativeTarget "f1-countdown-ios" */;
			buildPhases = (
				257959CE2B04FB000033DFAB /* Sources */,
				257959CF2B04FB000033DFAB /* Frameworks */,
				257959D02B04FB000033DFAB /* Resources */,
				2505E6A62B0F844000876783 /* Embed Foundation Extensions */,
				25F11CA72BD01E98007D0DE6 /* Embed Watch Content */,
			);
			buildRules = (
			);
			dependencies = (
				2505E6A42B0F844000876783 /* PBXTargetDependency */,
				25F11CA52BD01E98007D0DE6 /* PBXTargetDependency */,
				25EA5F102BEBA5EC000E8C2D /* PBXTargetDependency */,
				25EA5F122BEBA5F0000E8C2D /* PBXTargetDependency */,
			);
			name = "f1-countdown-ios";
			productName = "f1-countdown-ios";
			productReference = 257959D22B04FB000033DFAB /* f1-countdown-ios.app */;
			productType = "com.apple.product-type.application";
		};
		25F11C822BD01E97007D0DE6 /* WatchTimer Watch App */ = {
			isa = PBXNativeTarget;
			buildConfigurationList = 25F11CAE2BD01E98007D0DE6 /* Build configuration list for PBXNativeTarget "WatchTimer Watch App" */;
			buildPhases = (
				25F11C7F2BD01E97007D0DE6 /* Sources */,
				25F11C802BD01E97007D0DE6 /* Frameworks */,
				25F11C812BD01E97007D0DE6 /* Resources */,
			);
			buildRules = (
			);
			dependencies = (
			);
			name = "WatchTimer Watch App";
			productName = "WatchTimer Watch App";
			productReference = 25F11C832BD01E97007D0DE6 /* Formula Countdown.app */;
			productType = "com.apple.product-type.application";
		};
/* End PBXNativeTarget section */

/* Begin PBXProject section */
		257959CA2B04FB000033DFAB /* Project object */ = {
			isa = PBXProject;
			attributes = {
				BuildIndependentTargetsInParallel = 1;
				LastSwiftUpdateCheck = 1530;
				LastUpgradeCheck = 1510;
				TargetAttributes = {
					2505E6942B0F843E00876783 = {
						CreatedOnToolsVersion = 15.0.1;
					};
					257959D12B04FB000033DFAB = {
						CreatedOnToolsVersion = 15.0.1;
					};
					25F11C822BD01E97007D0DE6 = {
						CreatedOnToolsVersion = 15.3;
					};
				};
			};
			buildConfigurationList = 257959CD2B04FB000033DFAB /* Build configuration list for PBXProject "f1-countdown-ios" */;
			compatibilityVersion = "Xcode 14.0";
			developmentRegion = en;
			hasScannedForEncodings = 0;
			knownRegions = (
				en,
				Base,
			);
			mainGroup = 257959C92B04FB000033DFAB;
			productRefGroup = 257959D32B04FB000033DFAB /* Products */;
			projectDirPath = "";
			projectRoot = "";
			targets = (
				257959D12B04FB000033DFAB /* f1-countdown-ios */,
				2505E6942B0F843E00876783 /* TimerWidgetExtension */,
				25F11C822BD01E97007D0DE6 /* WatchTimer Watch App */,
			);
		};
/* End PBXProject section */

/* Begin PBXResourcesBuildPhase section */
		2505E6932B0F843E00876783 /* Resources */ = {
			isa = PBXResourcesBuildPhase;
			buildActionMask = 2147483647;
			files = (
				25C06D4F2BD2AF6500A375A4 /* PrivacyInfo.xcprivacy in Resources */,
				2505E6A12B0F844000876783 /* Assets.xcassets in Resources */,
			);
			runOnlyForDeploymentPostprocessing = 0;
		};
		257959D02B04FB000033DFAB /* Resources */ = {
			isa = PBXResourcesBuildPhase;
			buildActionMask = 2147483647;
			files = (
				25C06D4E2BD2AF6500A375A4 /* PrivacyInfo.xcprivacy in Resources */,
				257959DD2B04FB010033DFAB /* Preview Assets.xcassets in Resources */,
				257959DA2B04FB010033DFAB /* Assets.xcassets in Resources */,
			);
			runOnlyForDeploymentPostprocessing = 0;
		};
		25F11C812BD01E97007D0DE6 /* Resources */ = {
			isa = PBXResourcesBuildPhase;
			buildActionMask = 2147483647;
			files = (
				25C06D502BD2AF6500A375A4 /* PrivacyInfo.xcprivacy in Resources */,
				25F11C8D2BD01E98007D0DE6 /* Preview Assets.xcassets in Resources */,
				25F11C8A2BD01E98007D0DE6 /* Assets.xcassets in Resources */,
			);
			runOnlyForDeploymentPostprocessing = 0;
		};
/* End PBXResourcesBuildPhase section */

/* Begin PBXSourcesBuildPhase section */
		2505E6912B0F843E00876783 /* Sources */ = {
			isa = PBXSourcesBuildPhase;
			buildActionMask = 2147483647;
			files = (
				25F11CB52BD0204F007D0DE6 /* WeatherData.swift in Sources */,
				2571837C2B73B241003D12F9 /* DeltaValues.swift in Sources */,
				25B404192B10B3D7007EF384 /* Medium.swift in Sources */,
				256A0DC32C5425BD00B11D4B /* UserDefaultsController.swift in Sources */,
				2505E69D2B0F843E00876783 /* TimerWidgetBundle.swift in Sources */,
				2507CEB72C556BE000272430 /* NotificationController.swift in Sources */,
				25C6C5592B177DB400818265 /* SessionInfo.swift in Sources */,
				2571837F2B73B264003D12F9 /* RaceData.swift in Sources */,
				25B4041B2B10B660007EF384 /* Large.swift in Sources */,
				2505E6B32B10842700876783 /* NextUpdateDate.swift in Sources */,
				25B8C1512B8DFF2B009A270C /* WidgetHeader.swift in Sources */,
				2534A14C2B287279003B0BE3 /* CountryFlags.swift in Sources */,
				2505E69F2B0F843E00876783 /* TimerWidget.swift in Sources */,
				251C65602B73779B003E4A13 /* AppData.swift in Sources */,
			);
			runOnlyForDeploymentPostprocessing = 0;
		};
		257959CE2B04FB000033DFAB /* Sources */ = {
			isa = PBXSourcesBuildPhase;
			buildActionMask = 2147483647;
			files = (
				2507CEB62C556BE000272430 /* NotificationController.swift in Sources */,
				25B5C3F12B6B7CFA00057E4D /* AppLicense.swift in Sources */,
				25AF34682B2FA79F00E7D83A /* CalendarTab.swift in Sources */,
				257959D82B04FB000033DFAB /* ContentView.swift in Sources */,
				25AF34612B2F98CA00E7D83A /* TimerTab.swift in Sources */,
				2571837E2B73B264003D12F9 /* RaceData.swift in Sources */,
				25BE0E482B2349E20089B5BA /* DeltaValues.swift in Sources */,
				251C655F2B73779B003E4A13 /* AppData.swift in Sources */,
				25BFB0322B0F68D90062E4BC /* SettingsTab.swift in Sources */,
				25F1D8732B853A53007D360F /* WeatherElement.swift in Sources */,
				25DE90792B09168A00632B61 /* NotificationButton.swift in Sources */,
				25DA1FB42B70C659008615FD /* TrademarkNotice.swift in Sources */,
				256A0DC22C5425BD00B11D4B /* UserDefaultsController.swift in Sources */,
				25B5C3F42B6B7D4300057E4D /* SettingsFooter.swift in Sources */,
				25FA35FA2BCEE5760044B586 /* WeatherLicense.swift in Sources */,
				252976912C5242E10088E35D /* CalendarRace.swift in Sources */,
				257579202B84C4FA00FC1A81 /* WeatherData.swift in Sources */,
				2540A4242B973F9A00684AEA /* SeriesPicker.swift in Sources */,
				2534A14B2B287279003B0BE3 /* CountryFlags.swift in Sources */,
				25B5C3EC2B6B7CA300057E4D /* RemoveNotificationsButton.swift in Sources */,
				25EDC7952B054D320094DBBA /* TimerElement.swift in Sources */,
				25AF34662B2F9D0200E7D83A /* Session.swift in Sources */,
				2521762B2B08BEB00023C9B3 /* SessionWeather.swift in Sources */,
				257959D62B04FB000033DFAB /* f1_countdown_iosApp.swift in Sources */,
				25B5C3EF2B6B7CF400057E4D /* DataLicense.swift in Sources */,
				2591C4A82B8C839000F87BE9 /* NotificationTime.swift in Sources */,
			);
			runOnlyForDeploymentPostprocessing = 0;
		};
		25F11C7F2BD01E97007D0DE6 /* Sources */ = {
			isa = PBXSourcesBuildPhase;
			buildActionMask = 2147483647;
			files = (
				251DC1702BD0FD0C00D08D56 /* InfoButton.swift in Sources */,
				25F11CCF2BD03361007D0DE6 /* TimerCircle.swift in Sources */,
				2528462C2C5765B00064D5FE /* SessionWeather.swift in Sources */,
				251DC16E2BD0FD0300D08D56 /* WeatherButton.swift in Sources */,
				25F11C882BD01E97007D0DE6 /* ContentView.swift in Sources */,
				25F11CB32BD02049007D0DE6 /* DeltaValues.swift in Sources */,
				25F11CCD2BD031D7007D0DE6 /* Session.swift in Sources */,
				25F11CB62BD02050007D0DE6 /* WeatherData.swift in Sources */,
				25F11CB22BD02045007D0DE6 /* RaceData.swift in Sources */,
				25F11CB42BD0204B007D0DE6 /* CountryFlags.swift in Sources */,
				2507CEB82C556BE000272430 /* NotificationController.swift in Sources */,
				25F11CC72BD02105007D0DE6 /* f1_countdown_iosApp.swift in Sources */,
				25D5AF512BEDED1600B6F656 /* WeatherElement.swift in Sources */,
				25F11CB12BD01FE0007D0DE6 /* AppData.swift in Sources */,
				256A0DC42C5425BD00B11D4B /* UserDefaultsController.swift in Sources */,
			);
			runOnlyForDeploymentPostprocessing = 0;
		};
/* End PBXSourcesBuildPhase section */

/* Begin PBXTargetDependency section */
		2505E6A42B0F844000876783 /* PBXTargetDependency */ = {
			isa = PBXTargetDependency;
			target = 2505E6942B0F843E00876783 /* TimerWidgetExtension */;
			targetProxy = 2505E6A32B0F844000876783 /* PBXContainerItemProxy */;
		};
		25EA5F102BEBA5EC000E8C2D /* PBXTargetDependency */ = {
			isa = PBXTargetDependency;
			target = 2505E6942B0F843E00876783 /* TimerWidgetExtension */;
			targetProxy = 25EA5F0F2BEBA5EC000E8C2D /* PBXContainerItemProxy */;
		};
		25EA5F122BEBA5F0000E8C2D /* PBXTargetDependency */ = {
			isa = PBXTargetDependency;
			target = 25F11C822BD01E97007D0DE6 /* WatchTimer Watch App */;
			targetProxy = 25EA5F112BEBA5F0000E8C2D /* PBXContainerItemProxy */;
		};
		25F11CA52BD01E98007D0DE6 /* PBXTargetDependency */ = {
			isa = PBXTargetDependency;
			target = 25F11C822BD01E97007D0DE6 /* WatchTimer Watch App */;
			targetProxy = 25F11CA42BD01E98007D0DE6 /* PBXContainerItemProxy */;
		};
/* End PBXTargetDependency section */

/* Begin XCBuildConfiguration section */
		2505E6A72B0F844000876783 /* Debug */ = {
			isa = XCBuildConfiguration;
			baseConfigurationReference = 25125EFB2B14914400CA10EE /* Config.xcconfig */;
			buildSettings = {
				ASSETCATALOG_COMPILER_GLOBAL_ACCENT_COLOR_NAME = AccentColor;
				ASSETCATALOG_COMPILER_WIDGET_BACKGROUND_COLOR_NAME = WidgetBackground;
				CODE_SIGN_STYLE = Automatic;
				CURRENT_PROJECT_VERSION = "$(BUILD_NUMBER)";
				DEVELOPMENT_TEAM = UU6Y3A827V;
				GENERATE_INFOPLIST_FILE = YES;
				INFOPLIST_FILE = TimerWidget/Info.plist;
				INFOPLIST_KEY_CFBundleDisplayName = TimerWidget;
				INFOPLIST_KEY_NSHumanReadableCopyright = "";
				LD_RUNPATH_SEARCH_PATHS = (
					"$(inherited)",
					"@executable_path/Frameworks",
					"@executable_path/../../Frameworks",
				);
				MARKETING_VERSION = "$(VERSION)";
				PRODUCT_BUNDLE_IDENTIFIER = "com.lassewolpmann.f1-countdown-ios.TimerWidget";
				PRODUCT_NAME = "$(TARGET_NAME)";
				SKIP_INSTALL = YES;
				SWIFT_EMIT_LOC_STRINGS = YES;
				SWIFT_VERSION = 5.0;
				TARGETED_DEVICE_FAMILY = "1,2";
			};
			name = Debug;
		};
		2505E6A82B0F844000876783 /* Release */ = {
			isa = XCBuildConfiguration;
			baseConfigurationReference = 25125EFB2B14914400CA10EE /* Config.xcconfig */;
			buildSettings = {
				ASSETCATALOG_COMPILER_GLOBAL_ACCENT_COLOR_NAME = AccentColor;
				ASSETCATALOG_COMPILER_WIDGET_BACKGROUND_COLOR_NAME = WidgetBackground;
				CODE_SIGN_STYLE = Automatic;
				CURRENT_PROJECT_VERSION = "$(BUILD_NUMBER)";
				DEVELOPMENT_TEAM = UU6Y3A827V;
				GENERATE_INFOPLIST_FILE = YES;
				INFOPLIST_FILE = TimerWidget/Info.plist;
				INFOPLIST_KEY_CFBundleDisplayName = TimerWidget;
				INFOPLIST_KEY_NSHumanReadableCopyright = "";
				LD_RUNPATH_SEARCH_PATHS = (
					"$(inherited)",
					"@executable_path/Frameworks",
					"@executable_path/../../Frameworks",
				);
				MARKETING_VERSION = "$(VERSION)";
				PRODUCT_BUNDLE_IDENTIFIER = "com.lassewolpmann.f1-countdown-ios.TimerWidget";
				PRODUCT_NAME = "$(TARGET_NAME)";
				SKIP_INSTALL = YES;
				SWIFT_EMIT_LOC_STRINGS = YES;
				SWIFT_VERSION = 5.0;
				TARGETED_DEVICE_FAMILY = "1,2";
			};
			name = Release;
		};
		257959DE2B04FB010033DFAB /* Debug */ = {
			isa = XCBuildConfiguration;
			baseConfigurationReference = 25125EFB2B14914400CA10EE /* Config.xcconfig */;
			buildSettings = {
				ALWAYS_SEARCH_USER_PATHS = NO;
				ASSETCATALOG_COMPILER_GENERATE_SWIFT_ASSET_SYMBOL_EXTENSIONS = YES;
				CLANG_ANALYZER_NONNULL = YES;
				CLANG_ANALYZER_NUMBER_OBJECT_CONVERSION = YES_AGGRESSIVE;
				CLANG_CXX_LANGUAGE_STANDARD = "gnu++20";
				CLANG_ENABLE_MODULES = YES;
				CLANG_ENABLE_OBJC_ARC = YES;
				CLANG_ENABLE_OBJC_WEAK = YES;
				CLANG_WARN_BLOCK_CAPTURE_AUTORELEASING = YES;
				CLANG_WARN_BOOL_CONVERSION = YES;
				CLANG_WARN_COMMA = YES;
				CLANG_WARN_CONSTANT_CONVERSION = YES;
				CLANG_WARN_DEPRECATED_OBJC_IMPLEMENTATIONS = YES;
				CLANG_WARN_DIRECT_OBJC_ISA_USAGE = YES_ERROR;
				CLANG_WARN_DOCUMENTATION_COMMENTS = YES;
				CLANG_WARN_EMPTY_BODY = YES;
				CLANG_WARN_ENUM_CONVERSION = YES;
				CLANG_WARN_INFINITE_RECURSION = YES;
				CLANG_WARN_INT_CONVERSION = YES;
				CLANG_WARN_NON_LITERAL_NULL_CONVERSION = YES;
				CLANG_WARN_OBJC_IMPLICIT_RETAIN_SELF = YES;
				CLANG_WARN_OBJC_LITERAL_CONVERSION = YES;
				CLANG_WARN_OBJC_ROOT_CLASS = YES_ERROR;
				CLANG_WARN_QUOTED_INCLUDE_IN_FRAMEWORK_HEADER = YES;
				CLANG_WARN_RANGE_LOOP_ANALYSIS = YES;
				CLANG_WARN_STRICT_PROTOTYPES = YES;
				CLANG_WARN_SUSPICIOUS_MOVE = YES;
				CLANG_WARN_UNGUARDED_AVAILABILITY = YES_AGGRESSIVE;
				CLANG_WARN_UNREACHABLE_CODE = YES;
				CLANG_WARN__DUPLICATE_METHOD_MATCH = YES;
				COPY_PHASE_STRIP = NO;
				DEBUG_INFORMATION_FORMAT = dwarf;
				ENABLE_STRICT_OBJC_MSGSEND = YES;
				ENABLE_TESTABILITY = YES;
				ENABLE_USER_SCRIPT_SANDBOXING = YES;
				GCC_C_LANGUAGE_STANDARD = gnu17;
				GCC_DYNAMIC_NO_PIC = NO;
				GCC_NO_COMMON_BLOCKS = YES;
				GCC_OPTIMIZATION_LEVEL = 0;
				GCC_PREPROCESSOR_DEFINITIONS = (
					"DEBUG=1",
					"$(inherited)",
				);
				GCC_WARN_64_TO_32_BIT_CONVERSION = YES;
				GCC_WARN_ABOUT_RETURN_TYPE = YES_ERROR;
				GCC_WARN_UNDECLARED_SELECTOR = YES;
				GCC_WARN_UNINITIALIZED_AUTOS = YES_AGGRESSIVE;
				GCC_WARN_UNUSED_FUNCTION = YES;
				GCC_WARN_UNUSED_VARIABLE = YES;
				IPHONEOS_DEPLOYMENT_TARGET = 17.0;
				LOCALIZATION_PREFERS_STRING_CATALOGS = YES;
				MTL_ENABLE_DEBUG_INFO = INCLUDE_SOURCE;
				MTL_FAST_MATH = YES;
				ONLY_ACTIVE_ARCH = YES;
				SDKROOT = iphoneos;
				SWIFT_ACTIVE_COMPILATION_CONDITIONS = "DEBUG $(inherited)";
				SWIFT_OPTIMIZATION_LEVEL = "-Onone";
			};
			name = Debug;
		};
		257959DF2B04FB010033DFAB /* Release */ = {
			isa = XCBuildConfiguration;
			baseConfigurationReference = 25125EFB2B14914400CA10EE /* Config.xcconfig */;
			buildSettings = {
				ALWAYS_SEARCH_USER_PATHS = NO;
				ASSETCATALOG_COMPILER_GENERATE_SWIFT_ASSET_SYMBOL_EXTENSIONS = YES;
				CLANG_ANALYZER_NONNULL = YES;
				CLANG_ANALYZER_NUMBER_OBJECT_CONVERSION = YES_AGGRESSIVE;
				CLANG_CXX_LANGUAGE_STANDARD = "gnu++20";
				CLANG_ENABLE_MODULES = YES;
				CLANG_ENABLE_OBJC_ARC = YES;
				CLANG_ENABLE_OBJC_WEAK = YES;
				CLANG_WARN_BLOCK_CAPTURE_AUTORELEASING = YES;
				CLANG_WARN_BOOL_CONVERSION = YES;
				CLANG_WARN_COMMA = YES;
				CLANG_WARN_CONSTANT_CONVERSION = YES;
				CLANG_WARN_DEPRECATED_OBJC_IMPLEMENTATIONS = YES;
				CLANG_WARN_DIRECT_OBJC_ISA_USAGE = YES_ERROR;
				CLANG_WARN_DOCUMENTATION_COMMENTS = YES;
				CLANG_WARN_EMPTY_BODY = YES;
				CLANG_WARN_ENUM_CONVERSION = YES;
				CLANG_WARN_INFINITE_RECURSION = YES;
				CLANG_WARN_INT_CONVERSION = YES;
				CLANG_WARN_NON_LITERAL_NULL_CONVERSION = YES;
				CLANG_WARN_OBJC_IMPLICIT_RETAIN_SELF = YES;
				CLANG_WARN_OBJC_LITERAL_CONVERSION = YES;
				CLANG_WARN_OBJC_ROOT_CLASS = YES_ERROR;
				CLANG_WARN_QUOTED_INCLUDE_IN_FRAMEWORK_HEADER = YES;
				CLANG_WARN_RANGE_LOOP_ANALYSIS = YES;
				CLANG_WARN_STRICT_PROTOTYPES = YES;
				CLANG_WARN_SUSPICIOUS_MOVE = YES;
				CLANG_WARN_UNGUARDED_AVAILABILITY = YES_AGGRESSIVE;
				CLANG_WARN_UNREACHABLE_CODE = YES;
				CLANG_WARN__DUPLICATE_METHOD_MATCH = YES;
				COPY_PHASE_STRIP = NO;
				DEBUG_INFORMATION_FORMAT = "dwarf-with-dsym";
				ENABLE_NS_ASSERTIONS = NO;
				ENABLE_STRICT_OBJC_MSGSEND = YES;
				ENABLE_USER_SCRIPT_SANDBOXING = YES;
				GCC_C_LANGUAGE_STANDARD = gnu17;
				GCC_NO_COMMON_BLOCKS = YES;
				GCC_WARN_64_TO_32_BIT_CONVERSION = YES;
				GCC_WARN_ABOUT_RETURN_TYPE = YES_ERROR;
				GCC_WARN_UNDECLARED_SELECTOR = YES;
				GCC_WARN_UNINITIALIZED_AUTOS = YES_AGGRESSIVE;
				GCC_WARN_UNUSED_FUNCTION = YES;
				GCC_WARN_UNUSED_VARIABLE = YES;
				IPHONEOS_DEPLOYMENT_TARGET = 17.0;
				LOCALIZATION_PREFERS_STRING_CATALOGS = YES;
				MTL_ENABLE_DEBUG_INFO = NO;
				MTL_FAST_MATH = YES;
				SDKROOT = iphoneos;
				SWIFT_COMPILATION_MODE = wholemodule;
				VALIDATE_PRODUCT = YES;
			};
			name = Release;
		};
		257959E12B04FB010033DFAB /* Debug */ = {
			isa = XCBuildConfiguration;
			baseConfigurationReference = 25125EFB2B14914400CA10EE /* Config.xcconfig */;
			buildSettings = {
				ALWAYS_EMBED_SWIFT_STANDARD_LIBRARIES = YES;
				ASSETCATALOG_COMPILER_APPICON_NAME = AppIcon;
				ASSETCATALOG_COMPILER_GLOBAL_ACCENT_COLOR_NAME = AccentColor;
				CODE_SIGN_ENTITLEMENTS = "f1-countdown-ios/f1-countdown-ios.entitlements";
				CODE_SIGN_STYLE = Automatic;
				CURRENT_PROJECT_VERSION = "$(BUILD_NUMBER)";
				DEVELOPMENT_ASSET_PATHS = "\"f1-countdown-ios/Preview Content\"";
				DEVELOPMENT_TEAM = UU6Y3A827V;
				ENABLE_PREVIEWS = YES;
				GENERATE_INFOPLIST_FILE = YES;
				INFOPLIST_FILE = "f1-countdown-ios/Info.plist";
				INFOPLIST_KEY_CFBundleDisplayName = "Formula Countdown";
				INFOPLIST_KEY_LSApplicationCategoryType = "public.app-category.sports";
				INFOPLIST_KEY_UIApplicationSceneManifest_Generation = YES;
				INFOPLIST_KEY_UIApplicationSupportsIndirectInputEvents = YES;
				INFOPLIST_KEY_UILaunchScreen_Generation = YES;
				INFOPLIST_KEY_UISupportedInterfaceOrientations_iPad = "UIInterfaceOrientationPortrait UIInterfaceOrientationPortraitUpsideDown UIInterfaceOrientationLandscapeLeft UIInterfaceOrientationLandscapeRight";
				INFOPLIST_KEY_UISupportedInterfaceOrientations_iPhone = "UIInterfaceOrientationPortrait UIInterfaceOrientationLandscapeLeft UIInterfaceOrientationLandscapeRight";
				IPHONEOS_DEPLOYMENT_TARGET = 17.0;
				LD_RUNPATH_SEARCH_PATHS = (
					"$(inherited)",
					"@executable_path/Frameworks",
				);
				MARKETING_VERSION = "$(VERSION)";
				PRODUCT_BUNDLE_IDENTIFIER = "com.lassewolpmann.f1-countdown-ios";
				PRODUCT_NAME = "$(TARGET_NAME)";
				SWIFT_EMIT_LOC_STRINGS = YES;
				SWIFT_VERSION = 5.0;
				TARGETED_DEVICE_FAMILY = "1,2";
			};
			name = Debug;
		};
		257959E22B04FB010033DFAB /* Release */ = {
			isa = XCBuildConfiguration;
			baseConfigurationReference = 25125EFB2B14914400CA10EE /* Config.xcconfig */;
			buildSettings = {
				ALWAYS_EMBED_SWIFT_STANDARD_LIBRARIES = YES;
				ASSETCATALOG_COMPILER_APPICON_NAME = AppIcon;
				ASSETCATALOG_COMPILER_GLOBAL_ACCENT_COLOR_NAME = AccentColor;
				CODE_SIGN_ENTITLEMENTS = "f1-countdown-ios/f1-countdown-ios.entitlements";
				CODE_SIGN_STYLE = Automatic;
				CURRENT_PROJECT_VERSION = "$(BUILD_NUMBER)";
				DEVELOPMENT_ASSET_PATHS = "\"f1-countdown-ios/Preview Content\"";
				DEVELOPMENT_TEAM = UU6Y3A827V;
				ENABLE_PREVIEWS = YES;
				GENERATE_INFOPLIST_FILE = YES;
				INFOPLIST_FILE = "f1-countdown-ios/Info.plist";
				INFOPLIST_KEY_CFBundleDisplayName = "Formula Countdown";
				INFOPLIST_KEY_LSApplicationCategoryType = "public.app-category.sports";
				INFOPLIST_KEY_UIApplicationSceneManifest_Generation = YES;
				INFOPLIST_KEY_UIApplicationSupportsIndirectInputEvents = YES;
				INFOPLIST_KEY_UILaunchScreen_Generation = YES;
				INFOPLIST_KEY_UISupportedInterfaceOrientations_iPad = "UIInterfaceOrientationPortrait UIInterfaceOrientationPortraitUpsideDown UIInterfaceOrientationLandscapeLeft UIInterfaceOrientationLandscapeRight";
				INFOPLIST_KEY_UISupportedInterfaceOrientations_iPhone = "UIInterfaceOrientationPortrait UIInterfaceOrientationLandscapeLeft UIInterfaceOrientationLandscapeRight";
				IPHONEOS_DEPLOYMENT_TARGET = 17.0;
				LD_RUNPATH_SEARCH_PATHS = (
					"$(inherited)",
					"@executable_path/Frameworks",
				);
				MARKETING_VERSION = "$(VERSION)";
				PRODUCT_BUNDLE_IDENTIFIER = "com.lassewolpmann.f1-countdown-ios";
				PRODUCT_NAME = "$(TARGET_NAME)";
				SWIFT_EMIT_LOC_STRINGS = YES;
				SWIFT_VERSION = 5.0;
				TARGETED_DEVICE_FAMILY = "1,2";
			};
			name = Release;
		};
		25F11CA82BD01E98007D0DE6 /* Debug */ = {
			isa = XCBuildConfiguration;
			buildSettings = {
				ASSETCATALOG_COMPILER_APPICON_NAME = AppIcon;
				ASSETCATALOG_COMPILER_GLOBAL_ACCENT_COLOR_NAME = AccentColor;
				CODE_SIGN_ENTITLEMENTS = "WatchTimer Watch App/WatchTimer Watch App.entitlements";
				CODE_SIGN_IDENTITY = "Apple Development";
				CODE_SIGN_STYLE = Automatic;
				CURRENT_PROJECT_VERSION = "$(BUILD_NUMBER)";
				DEVELOPMENT_ASSET_PATHS = "\"WatchTimer Watch App/Preview Content\"";
				DEVELOPMENT_TEAM = UU6Y3A827V;
				ENABLE_PREVIEWS = YES;
				GENERATE_INFOPLIST_FILE = YES;
				INFOPLIST_KEY_UISupportedInterfaceOrientations = "UIInterfaceOrientationPortrait UIInterfaceOrientationPortraitUpsideDown";
				INFOPLIST_KEY_WKCompanionAppBundleIdentifier = "com.lassewolpmann.f1-countdown-ios";
				INFOPLIST_KEY_WKRunsIndependentlyOfCompanionApp = YES;
				LD_RUNPATH_SEARCH_PATHS = (
					"$(inherited)",
					"@executable_path/Frameworks",
				);
				MARKETING_VERSION = "$(VERSION)";
				PRODUCT_BUNDLE_IDENTIFIER = "com.lassewolpmann.f1-countdown-ios.watchkitapp";
				PRODUCT_NAME = "Formula Countdown";
				PROVISIONING_PROFILE_SPECIFIER = "";
				SDKROOT = watchos;
				SKIP_INSTALL = YES;
				SWIFT_EMIT_LOC_STRINGS = YES;
				SWIFT_VERSION = 5.0;
				TARGETED_DEVICE_FAMILY = 4;
				WATCHOS_DEPLOYMENT_TARGET = 10.0;
			};
			name = Debug;
		};
		25F11CA92BD01E98007D0DE6 /* Release */ = {
			isa = XCBuildConfiguration;
			buildSettings = {
				ASSETCATALOG_COMPILER_APPICON_NAME = AppIcon;
				ASSETCATALOG_COMPILER_GLOBAL_ACCENT_COLOR_NAME = AccentColor;
				CODE_SIGN_ENTITLEMENTS = "WatchTimer Watch App/WatchTimer Watch App.entitlements";
				CODE_SIGN_IDENTITY = "Apple Development";
				CODE_SIGN_STYLE = Automatic;
				CURRENT_PROJECT_VERSION = "$(BUILD_NUMBER)";
				DEVELOPMENT_ASSET_PATHS = "\"WatchTimer Watch App/Preview Content\"";
				DEVELOPMENT_TEAM = UU6Y3A827V;
				ENABLE_PREVIEWS = YES;
				GENERATE_INFOPLIST_FILE = YES;
				INFOPLIST_KEY_UISupportedInterfaceOrientations = "UIInterfaceOrientationPortrait UIInterfaceOrientationPortraitUpsideDown";
				INFOPLIST_KEY_WKCompanionAppBundleIdentifier = "com.lassewolpmann.f1-countdown-ios";
				INFOPLIST_KEY_WKRunsIndependentlyOfCompanionApp = YES;
				LD_RUNPATH_SEARCH_PATHS = (
					"$(inherited)",
					"@executable_path/Frameworks",
				);
				MARKETING_VERSION = "$(VERSION)";
				PRODUCT_BUNDLE_IDENTIFIER = "com.lassewolpmann.f1-countdown-ios.watchkitapp";
				PRODUCT_NAME = "Formula Countdown";
				PROVISIONING_PROFILE_SPECIFIER = "";
				SDKROOT = watchos;
				SKIP_INSTALL = YES;
				SWIFT_EMIT_LOC_STRINGS = YES;
				SWIFT_VERSION = 5.0;
				TARGETED_DEVICE_FAMILY = 4;
				WATCHOS_DEPLOYMENT_TARGET = 10.0;
			};
			name = Release;
		};
/* End XCBuildConfiguration section */

/* Begin XCConfigurationList section */
		2505E6A92B0F844000876783 /* Build configuration list for PBXNativeTarget "TimerWidgetExtension" */ = {
			isa = XCConfigurationList;
			buildConfigurations = (
				2505E6A72B0F844000876783 /* Debug */,
				2505E6A82B0F844000876783 /* Release */,
			);
			defaultConfigurationIsVisible = 0;
			defaultConfigurationName = Release;
		};
		257959CD2B04FB000033DFAB /* Build configuration list for PBXProject "f1-countdown-ios" */ = {
			isa = XCConfigurationList;
			buildConfigurations = (
				257959DE2B04FB010033DFAB /* Debug */,
				257959DF2B04FB010033DFAB /* Release */,
			);
			defaultConfigurationIsVisible = 0;
			defaultConfigurationName = Release;
		};
		257959E02B04FB010033DFAB /* Build configuration list for PBXNativeTarget "f1-countdown-ios" */ = {
			isa = XCConfigurationList;
			buildConfigurations = (
				257959E12B04FB010033DFAB /* Debug */,
				257959E22B04FB010033DFAB /* Release */,
			);
			defaultConfigurationIsVisible = 0;
			defaultConfigurationName = Release;
		};
		25F11CAE2BD01E98007D0DE6 /* Build configuration list for PBXNativeTarget "WatchTimer Watch App" */ = {
			isa = XCConfigurationList;
			buildConfigurations = (
				25F11CA82BD01E98007D0DE6 /* Debug */,
				25F11CA92BD01E98007D0DE6 /* Release */,
			);
			defaultConfigurationIsVisible = 0;
			defaultConfigurationName = Release;
		};
/* End XCConfigurationList section */
	};
	rootObject = 257959CA2B04FB000033DFAB /* Project object */;
}
